// !$*UTF8*$!
{
	archiveVersion = 1;
	classes = {
	};
	objectVersion = 55;
	objects = {

/* Begin PBXBuildFile section */
		1C174791C09164A74F16041C /* Pods_Chat.framework in Frameworks */ = {isa = PBXBuildFile; fileRef = E38F5A4D0F2ABAA513B0317F /* Pods_Chat.framework */; };
		8768BDEE270C417B0078C271 /* ConversationViewController.swift in Sources */ = {isa = PBXBuildFile; fileRef = 8768BDED270C417B0078C271 /* ConversationViewController.swift */; };
		8768BDF1270C53650078C271 /* MessageCell.swift in Sources */ = {isa = PBXBuildFile; fileRef = 8768BDF0270C53650078C271 /* MessageCell.swift */; };
		876BABFA26FF38E800D5BF31 /* AppDelegate.swift in Sources */ = {isa = PBXBuildFile; fileRef = 876BABF926FF38E800D5BF31 /* AppDelegate.swift */; };
		876BABFE26FF38E800D5BF31 /* ViewController.swift in Sources */ = {isa = PBXBuildFile; fileRef = 876BABFD26FF38E800D5BF31 /* ViewController.swift */; };
		876BAC0126FF38E800D5BF31 /* Main.storyboard in Resources */ = {isa = PBXBuildFile; fileRef = 876BABFF26FF38E800D5BF31 /* Main.storyboard */; };
		876BAC0626FF38EB00D5BF31 /* LaunchScreen.storyboard in Resources */ = {isa = PBXBuildFile; fileRef = 876BAC0426FF38EB00D5BF31 /* LaunchScreen.storyboard */; };
		876BAC1126FF39C300D5BF31 /* ProfileButton.swift in Sources */ = {isa = PBXBuildFile; fileRef = 876BAC0E26FF39C300D5BF31 /* ProfileButton.swift */; };
		876BAC1226FF39C300D5BF31 /* ProfileViewController.swift in Sources */ = {isa = PBXBuildFile; fileRef = 876BAC0F26FF39C300D5BF31 /* ProfileViewController.swift */; };
		876BAC1326FF39C300D5BF31 /* ProfileLabel.swift in Sources */ = {isa = PBXBuildFile; fileRef = 876BAC1026FF39C300D5BF31 /* ProfileLabel.swift */; };
		876BAC1626FF39D600D5BF31 /* UserImageView.swift in Sources */ = {isa = PBXBuildFile; fileRef = 876BAC1426FF39D500D5BF31 /* UserImageView.swift */; };
		876BAC1726FF39D600D5BF31 /* ConversationsListViewController.swift in Sources */ = {isa = PBXBuildFile; fileRef = 876BAC1526FF39D600D5BF31 /* ConversationsListViewController.swift */; };
		876BAC1A26FF39E000D5BF31 /* Owner.swift in Sources */ = {isa = PBXBuildFile; fileRef = 876BAC1926FF39E000D5BF31 /* Owner.swift */; };
		876BAC1D26FF3A1B00D5BF31 /* Localizable.strings in Resources */ = {isa = PBXBuildFile; fileRef = 876BAC1F26FF3A1B00D5BF31 /* Localizable.strings */; };
		876BAC2326FF3D7C00D5BF31 /* InfoPlist.strings in Resources */ = {isa = PBXBuildFile; fileRef = 876BAC2526FF3D7C00D5BF31 /* InfoPlist.strings */; };
		876BAC3026FF460F00D5BF31 /* Assets.xcassets in Resources */ = {isa = PBXBuildFile; fileRef = 876BAC2F26FF460F00D5BF31 /* Assets.xcassets */; };
		876ED7EB272D107E002F85E2 /* Extensions.swift in Sources */ = {isa = PBXBuildFile; fileRef = 876ED7EA272D107E002F85E2 /* Extensions.swift */; };
		8774D3392709B32B007D359C /* ConversationListCell.swift in Sources */ = {isa = PBXBuildFile; fileRef = 8774D3382709B32B007D359C /* ConversationListCell.swift */; };
		8774D33B2709BB00007D359C /* CustomStackView.swift in Sources */ = {isa = PBXBuildFile; fileRef = 8774D33A2709BB00007D359C /* CustomStackView.swift */; };
		8774D33D2709CB6A007D359C /* User.swift in Sources */ = {isa = PBXBuildFile; fileRef = 8774D33C2709CB6A007D359C /* User.swift */; };
		8774D33F270A024D007D359C /* TestData.swift in Sources */ = {isa = PBXBuildFile; fileRef = 8774D33E270A024C007D359C /* TestData.swift */; };
		87750AB2271DA95C00B84A9C /* OperationUserProfileInfoHandler.swift in Sources */ = {isa = PBXBuildFile; fileRef = 87750AB1271DA95C00B84A9C /* OperationUserProfileInfoHandler.swift */; };
		87750AB4271E014900B84A9C /* FileKeys.swift in Sources */ = {isa = PBXBuildFile; fileRef = 87750AB3271E014900B84A9C /* FileKeys.swift */; };
		87750AB6271E132E00B84A9C /* UserProfileInfoHandlerProtocol.swift in Sources */ = {isa = PBXBuildFile; fileRef = 87750AB5271E132E00B84A9C /* UserProfileInfoHandlerProtocol.swift */; };
		8775C7F22724C3A200AA8480 /* Channel.swift in Sources */ = {isa = PBXBuildFile; fileRef = 8775C7F12724C3A200AA8480 /* Channel.swift */; };
		8775C7F42724C40200AA8480 /* ChannelMessage.swift in Sources */ = {isa = PBXBuildFile; fileRef = 8775C7F32724C40200AA8480 /* ChannelMessage.swift */; };
		878182BE271C6E89008077DF /* GCDUserProfileInfoHandler.swift in Sources */ = {isa = PBXBuildFile; fileRef = 878182BD271C6E89008077DF /* GCDUserProfileInfoHandler.swift */; };
		8781CC142713191000566A90 /* ThemesViewController.swift in Sources */ = {isa = PBXBuildFile; fileRef = 8781CC132713191000566A90 /* ThemesViewController.swift */; };
		8781CC16271324BE00566A90 /* Themes.swift in Sources */ = {isa = PBXBuildFile; fileRef = 8781CC15271324BE00566A90 /* Themes.swift */; };
		8783FD03270BCB8400C21A66 /* Message.swift in Sources */ = {isa = PBXBuildFile; fileRef = 8783FD02270BCB8400C21A66 /* Message.swift */; };
		87881FAF2752B63B005925DA /* TabBarController+TabBarControllerDelegate.swift in Sources */ = {isa = PBXBuildFile; fileRef = 87881FAE2752B63B005925DA /* TabBarController+TabBarControllerDelegate.swift */; };
		878A59792746D423006F9158 /* ChannelsService.swift in Sources */ = {isa = PBXBuildFile; fileRef = 878A59782746D423006F9158 /* ChannelsService.swift */; };
		878A597B2746DA51006F9158 /* MessagesService.swift in Sources */ = {isa = PBXBuildFile; fileRef = 878A597A2746DA51006F9158 /* MessagesService.swift */; };
		878BFE1827241CD900DCC092 /* GoogleService-Info.plist in Resources */ = {isa = PBXBuildFile; fileRef = 878BFE1727241CD900DCC092 /* GoogleService-Info.plist */; };
		878BFE1A27243C6000DCC092 /* TabBarController.swift in Sources */ = {isa = PBXBuildFile; fileRef = 878BFE1927243C6000DCC092 /* TabBarController.swift */; };
		878CCC3427491FA200A95F25 /* NetworkService.swift in Sources */ = {isa = PBXBuildFile; fileRef = 878CCC3327491FA200A95F25 /* NetworkService.swift */; };
		878DC4E32753B90C00DB841E /* ProfileViewController+ImagePickerControllerDelegate+NavigationControllerDelegate.swift in Sources */ = {isa = PBXBuildFile; fileRef = 878DC4E22753B90C00DB841E /* ProfileViewController+ImagePickerControllerDelegate+NavigationControllerDelegate.swift */; };
		87A8274C274AE903001750C8 /* ProfileViewController+TextFieldDelegate.swift in Sources */ = {isa = PBXBuildFile; fileRef = 87A8274B274AE902001750C8 /* ProfileViewController+TextFieldDelegate.swift */; };
		87A8274E274AE966001750C8 /* ProfileViewController+TextViewDelegate.swift in Sources */ = {isa = PBXBuildFile; fileRef = 87A8274D274AE966001750C8 /* ProfileViewController+TextViewDelegate.swift */; };
		87B7E5EB2715950300F7F1C3 /* UserDefaultsKeys.swift in Sources */ = {isa = PBXBuildFile; fileRef = 87B7E5EA2715950300F7F1C3 /* UserDefaultsKeys.swift */; };
		87BB05E327313FE800017179 /* DataManager.swift in Sources */ = {isa = PBXBuildFile; fileRef = 87BB05E227313FE800017179 /* DataManager.swift */; };
		87BBBFF22747B8780067E043 /* ImagePickerViewController.swift in Sources */ = {isa = PBXBuildFile; fileRef = 87BBBFF12747B8780067E043 /* ImagePickerViewController.swift */; };
		87BBBFF52747C1F10067E043 /* ImagePickerPresenter.swift in Sources */ = {isa = PBXBuildFile; fileRef = 87BBBFF42747C1F10067E043 /* ImagePickerPresenter.swift */; };
		87BBBFF92747C6D20067E043 /* ModuleBuilder.swift in Sources */ = {isa = PBXBuildFile; fileRef = 87BBBFF82747C6D20067E043 /* ModuleBuilder.swift */; };
		87BBBFFB2748014E0067E043 /* ImagesList.swift in Sources */ = {isa = PBXBuildFile; fileRef = 87BBBFFA2748014E0067E043 /* ImagesList.swift */; };
		87BE21122746642A008FF4A6 /* ConverasationListVewController+FRCDelegate.swift in Sources */ = {isa = PBXBuildFile; fileRef = 87BE21112746642A008FF4A6 /* ConverasationListVewController+FRCDelegate.swift */; };
		87BE211627466633008FF4A6 /* ConversationViewController+TableViewDataSource.swift in Sources */ = {isa = PBXBuildFile; fileRef = 87BE211527466633008FF4A6 /* ConversationViewController+TableViewDataSource.swift */; };
		87BE211827466C0C008FF4A6 /* ConversationsListViewController+TableViewDelegate.swift in Sources */ = {isa = PBXBuildFile; fileRef = 87BE211727466C0C008FF4A6 /* ConversationsListViewController+TableViewDelegate.swift */; };
		87BE211A27466C21008FF4A6 /* ConversationsListViewController+TableViewDataSource.swift in Sources */ = {isa = PBXBuildFile; fileRef = 87BE211927466C21008FF4A6 /* ConversationsListViewController+TableViewDataSource.swift */; };
		87C0E05F27627E9C00CBF13A /* ProfileTests.swift in Sources */ = {isa = PBXBuildFile; fileRef = 87C0E05E27627E9C00CBF13A /* ProfileTests.swift */; };
		87C305DF275E5096008E8434 /* ChatTests.swift in Sources */ = {isa = PBXBuildFile; fileRef = 87C305DE275E5096008E8434 /* ChatTests.swift */; };
		87C305E6275E50EE008E8434 /* XCTest.framework in Frameworks */ = {isa = PBXBuildFile; fileRef = 87C305E5275E50EE008E8434 /* XCTest.framework */; };
		87C305EE275E51A2008E8434 /* ChatUITests.swift in Sources */ = {isa = PBXBuildFile; fileRef = 87C305ED275E51A2008E8434 /* ChatUITests.swift */; };
		87C305F0275E51A2008E8434 /* ChatUITestsLaunchTests.swift in Sources */ = {isa = PBXBuildFile; fileRef = 87C305EF275E51A2008E8434 /* ChatUITestsLaunchTests.swift */; };
		87C305F6275E51B4008E8434 /* XCTest.framework in Frameworks */ = {isa = PBXBuildFile; fileRef = 87C305E5275E50EE008E8434 /* XCTest.framework */; };
		87C305F8275EBF0D008E8434 /* AccessibilityIdentifiers.swift in Sources */ = {isa = PBXBuildFile; fileRef = 87C305F7275EBF0D008E8434 /* AccessibilityIdentifiers.swift */; };
		87C305F9275ECC09008E8434 /* AccessibilityIdentifiers.swift in Sources */ = {isa = PBXBuildFile; fileRef = 87C305F7275EBF0D008E8434 /* AccessibilityIdentifiers.swift */; };
		87C305FB275F6AB0008E8434 /* APIKey.swift in Sources */ = {isa = PBXBuildFile; fileRef = 87C305FA275F6AB0008E8434 /* APIKey.swift */; };
		87C305FC275F6CFF008E8434 /* APIKey.swift in Sources */ = {isa = PBXBuildFile; fileRef = 87C305FA275F6AB0008E8434 /* APIKey.swift */; };
		87C5F07927609CE0006870FF /* ConversationMessagesPresenter.swift in Sources */ = {isa = PBXBuildFile; fileRef = 87C5F07827609CE0006870FF /* ConversationMessagesPresenter.swift */; };
		87E6AAA5272D4D6A00A2DAFD /* Chat.xcdatamodeld in Sources */ = {isa = PBXBuildFile; fileRef = 87E6AAA3272D4D6A00A2DAFD /* Chat.xcdatamodeld */; };
		B0CBBA62FC92543AE0A2337B /* Pods_ChatTests.framework in Frameworks */ = {isa = PBXBuildFile; fileRef = 1C8FC38B1AB5E5892AF2E86B /* Pods_ChatTests.framework */; };
/* End PBXBuildFile section */

/* Begin PBXContainerItemProxy section */
		87C305E0275E5096008E8434 /* PBXContainerItemProxy */ = {
			isa = PBXContainerItemProxy;
			containerPortal = 876BABEE26FF38E800D5BF31 /* Project object */;
			proxyType = 1;
			remoteGlobalIDString = 876BABF526FF38E800D5BF31;
			remoteInfo = Chat;
		};
		87C305F1275E51A2008E8434 /* PBXContainerItemProxy */ = {
			isa = PBXContainerItemProxy;
			containerPortal = 876BABEE26FF38E800D5BF31 /* Project object */;
			proxyType = 1;
			remoteGlobalIDString = 876BABF526FF38E800D5BF31;
			remoteInfo = Chat;
		};
/* End PBXContainerItemProxy section */

/* Begin PBXFileReference section */
		17D17C3CDF881725CB86F335 /* Pods-ChatTests.release.xcconfig */ = {isa = PBXFileReference; includeInIndex = 1; lastKnownFileType = text.xcconfig; name = "Pods-ChatTests.release.xcconfig"; path = "Target Support Files/Pods-ChatTests/Pods-ChatTests.release.xcconfig"; sourceTree = "<group>"; };
		1C8FC38B1AB5E5892AF2E86B /* Pods_ChatTests.framework */ = {isa = PBXFileReference; explicitFileType = wrapper.framework; includeInIndex = 0; path = Pods_ChatTests.framework; sourceTree = BUILT_PRODUCTS_DIR; };
		8768BDED270C417B0078C271 /* ConversationViewController.swift */ = {isa = PBXFileReference; lastKnownFileType = sourcecode.swift; path = ConversationViewController.swift; sourceTree = "<group>"; };
		8768BDF0270C53650078C271 /* MessageCell.swift */ = {isa = PBXFileReference; lastKnownFileType = sourcecode.swift; path = MessageCell.swift; sourceTree = "<group>"; };
		876BABF626FF38E800D5BF31 /* Chat.app */ = {isa = PBXFileReference; explicitFileType = wrapper.application; includeInIndex = 0; path = Chat.app; sourceTree = BUILT_PRODUCTS_DIR; };
		876BABF926FF38E800D5BF31 /* AppDelegate.swift */ = {isa = PBXFileReference; lastKnownFileType = sourcecode.swift; path = AppDelegate.swift; sourceTree = "<group>"; };
		876BABFD26FF38E800D5BF31 /* ViewController.swift */ = {isa = PBXFileReference; lastKnownFileType = sourcecode.swift; path = ViewController.swift; sourceTree = "<group>"; };
		876BAC0026FF38E800D5BF31 /* Base */ = {isa = PBXFileReference; lastKnownFileType = file.storyboard; name = Base; path = Base.lproj/Main.storyboard; sourceTree = "<group>"; };
		876BAC0526FF38EB00D5BF31 /* Base */ = {isa = PBXFileReference; lastKnownFileType = file.storyboard; name = Base; path = Base.lproj/LaunchScreen.storyboard; sourceTree = "<group>"; };
		876BAC0726FF38EB00D5BF31 /* Info.plist */ = {isa = PBXFileReference; lastKnownFileType = text.plist.xml; path = Info.plist; sourceTree = "<group>"; };
		876BAC0E26FF39C300D5BF31 /* ProfileButton.swift */ = {isa = PBXFileReference; fileEncoding = 4; lastKnownFileType = sourcecode.swift; path = ProfileButton.swift; sourceTree = "<group>"; };
		876BAC0F26FF39C300D5BF31 /* ProfileViewController.swift */ = {isa = PBXFileReference; fileEncoding = 4; lastKnownFileType = sourcecode.swift; path = ProfileViewController.swift; sourceTree = "<group>"; };
		876BAC1026FF39C300D5BF31 /* ProfileLabel.swift */ = {isa = PBXFileReference; fileEncoding = 4; lastKnownFileType = sourcecode.swift; path = ProfileLabel.swift; sourceTree = "<group>"; };
		876BAC1426FF39D500D5BF31 /* UserImageView.swift */ = {isa = PBXFileReference; fileEncoding = 4; lastKnownFileType = sourcecode.swift; path = UserImageView.swift; sourceTree = "<group>"; };
		876BAC1526FF39D600D5BF31 /* ConversationsListViewController.swift */ = {isa = PBXFileReference; fileEncoding = 4; lastKnownFileType = sourcecode.swift; path = ConversationsListViewController.swift; sourceTree = "<group>"; };
		876BAC1926FF39E000D5BF31 /* Owner.swift */ = {isa = PBXFileReference; fileEncoding = 4; lastKnownFileType = sourcecode.swift; path = Owner.swift; sourceTree = "<group>"; };
		876BAC1E26FF3A1B00D5BF31 /* en */ = {isa = PBXFileReference; lastKnownFileType = text.plist.strings; name = en; path = en.lproj/Localizable.strings; sourceTree = "<group>"; };
		876BAC2026FF3A2D00D5BF31 /* ru */ = {isa = PBXFileReference; lastKnownFileType = text.plist.strings; name = ru; path = ru.lproj/Localizable.strings; sourceTree = "<group>"; };
		876BAC2426FF3D7C00D5BF31 /* ru */ = {isa = PBXFileReference; lastKnownFileType = text.plist.strings; name = ru; path = ru.lproj/InfoPlist.strings; sourceTree = "<group>"; };
		876BAC2626FF3D7E00D5BF31 /* en */ = {isa = PBXFileReference; lastKnownFileType = text.plist.strings; name = en; path = en.lproj/InfoPlist.strings; sourceTree = "<group>"; };
		876BAC2F26FF460F00D5BF31 /* Assets.xcassets */ = {isa = PBXFileReference; lastKnownFileType = folder.assetcatalog; path = Assets.xcassets; sourceTree = "<group>"; };
		876ED7EA272D107E002F85E2 /* Extensions.swift */ = {isa = PBXFileReference; lastKnownFileType = sourcecode.swift; path = Extensions.swift; sourceTree = "<group>"; };
		8774D3382709B32B007D359C /* ConversationListCell.swift */ = {isa = PBXFileReference; lastKnownFileType = sourcecode.swift; path = ConversationListCell.swift; sourceTree = "<group>"; };
		8774D33A2709BB00007D359C /* CustomStackView.swift */ = {isa = PBXFileReference; lastKnownFileType = sourcecode.swift; path = CustomStackView.swift; sourceTree = "<group>"; };
		8774D33C2709CB6A007D359C /* User.swift */ = {isa = PBXFileReference; lastKnownFileType = sourcecode.swift; path = User.swift; sourceTree = "<group>"; };
		8774D33E270A024C007D359C /* TestData.swift */ = {isa = PBXFileReference; lastKnownFileType = sourcecode.swift; path = TestData.swift; sourceTree = "<group>"; };
		87750AB1271DA95C00B84A9C /* OperationUserProfileInfoHandler.swift */ = {isa = PBXFileReference; lastKnownFileType = sourcecode.swift; path = OperationUserProfileInfoHandler.swift; sourceTree = "<group>"; };
		87750AB3271E014900B84A9C /* FileKeys.swift */ = {isa = PBXFileReference; lastKnownFileType = sourcecode.swift; path = FileKeys.swift; sourceTree = "<group>"; };
		87750AB5271E132E00B84A9C /* UserProfileInfoHandlerProtocol.swift */ = {isa = PBXFileReference; lastKnownFileType = sourcecode.swift; path = UserProfileInfoHandlerProtocol.swift; sourceTree = "<group>"; };
		8775C7F12724C3A200AA8480 /* Channel.swift */ = {isa = PBXFileReference; lastKnownFileType = sourcecode.swift; path = Channel.swift; sourceTree = "<group>"; };
		8775C7F32724C40200AA8480 /* ChannelMessage.swift */ = {isa = PBXFileReference; lastKnownFileType = sourcecode.swift; path = ChannelMessage.swift; sourceTree = "<group>"; };
		878182BD271C6E89008077DF /* GCDUserProfileInfoHandler.swift */ = {isa = PBXFileReference; lastKnownFileType = sourcecode.swift; path = GCDUserProfileInfoHandler.swift; sourceTree = "<group>"; };
		8781CC132713191000566A90 /* ThemesViewController.swift */ = {isa = PBXFileReference; lastKnownFileType = sourcecode.swift; path = ThemesViewController.swift; sourceTree = "<group>"; };
		8781CC15271324BE00566A90 /* Themes.swift */ = {isa = PBXFileReference; lastKnownFileType = sourcecode.swift; path = Themes.swift; sourceTree = "<group>"; };
		8783FD02270BCB8400C21A66 /* Message.swift */ = {isa = PBXFileReference; lastKnownFileType = sourcecode.swift; path = Message.swift; sourceTree = "<group>"; };
		87881FAE2752B63B005925DA /* TabBarController+TabBarControllerDelegate.swift */ = {isa = PBXFileReference; lastKnownFileType = sourcecode.swift; path = "TabBarController+TabBarControllerDelegate.swift"; sourceTree = "<group>"; };
		878A59782746D423006F9158 /* ChannelsService.swift */ = {isa = PBXFileReference; lastKnownFileType = sourcecode.swift; path = ChannelsService.swift; sourceTree = "<group>"; };
		878A597A2746DA51006F9158 /* MessagesService.swift */ = {isa = PBXFileReference; lastKnownFileType = sourcecode.swift; path = MessagesService.swift; sourceTree = "<group>"; };
		878BFE1727241CD900DCC092 /* GoogleService-Info.plist */ = {isa = PBXFileReference; lastKnownFileType = text.plist.xml; name = "GoogleService-Info.plist"; path = "Chat/GoogleService-Info.plist"; sourceTree = SOURCE_ROOT; };
		878BFE1927243C6000DCC092 /* TabBarController.swift */ = {isa = PBXFileReference; lastKnownFileType = sourcecode.swift; path = TabBarController.swift; sourceTree = "<group>"; };
		878CCC3327491FA200A95F25 /* NetworkService.swift */ = {isa = PBXFileReference; lastKnownFileType = sourcecode.swift; path = NetworkService.swift; sourceTree = "<group>"; };
		878DC4E22753B90C00DB841E /* ProfileViewController+ImagePickerControllerDelegate+NavigationControllerDelegate.swift */ = {isa = PBXFileReference; lastKnownFileType = sourcecode.swift; path = "ProfileViewController+ImagePickerControllerDelegate+NavigationControllerDelegate.swift"; sourceTree = "<group>"; };
		87A8274B274AE902001750C8 /* ProfileViewController+TextFieldDelegate.swift */ = {isa = PBXFileReference; lastKnownFileType = sourcecode.swift; path = "ProfileViewController+TextFieldDelegate.swift"; sourceTree = "<group>"; };
		87A8274D274AE966001750C8 /* ProfileViewController+TextViewDelegate.swift */ = {isa = PBXFileReference; lastKnownFileType = sourcecode.swift; path = "ProfileViewController+TextViewDelegate.swift"; sourceTree = "<group>"; };
		87B7E5EA2715950300F7F1C3 /* UserDefaultsKeys.swift */ = {isa = PBXFileReference; lastKnownFileType = sourcecode.swift; path = UserDefaultsKeys.swift; sourceTree = "<group>"; };
		87BB05E227313FE800017179 /* DataManager.swift */ = {isa = PBXFileReference; lastKnownFileType = sourcecode.swift; path = DataManager.swift; sourceTree = "<group>"; };
		87BBBFF12747B8780067E043 /* ImagePickerViewController.swift */ = {isa = PBXFileReference; lastKnownFileType = sourcecode.swift; path = ImagePickerViewController.swift; sourceTree = "<group>"; };
		87BBBFF42747C1F10067E043 /* ImagePickerPresenter.swift */ = {isa = PBXFileReference; lastKnownFileType = sourcecode.swift; path = ImagePickerPresenter.swift; sourceTree = "<group>"; };
		87BBBFF82747C6D20067E043 /* ModuleBuilder.swift */ = {isa = PBXFileReference; lastKnownFileType = sourcecode.swift; path = ModuleBuilder.swift; sourceTree = "<group>"; };
		87BBBFFA2748014E0067E043 /* ImagesList.swift */ = {isa = PBXFileReference; lastKnownFileType = sourcecode.swift; path = ImagesList.swift; sourceTree = "<group>"; };
		87BE21112746642A008FF4A6 /* ConverasationListVewController+FRCDelegate.swift */ = {isa = PBXFileReference; lastKnownFileType = sourcecode.swift; path = "ConverasationListVewController+FRCDelegate.swift"; sourceTree = "<group>"; };
		87BE211527466633008FF4A6 /* ConversationViewController+TableViewDataSource.swift */ = {isa = PBXFileReference; lastKnownFileType = sourcecode.swift; path = "ConversationViewController+TableViewDataSource.swift"; sourceTree = "<group>"; };
		87BE211727466C0C008FF4A6 /* ConversationsListViewController+TableViewDelegate.swift */ = {isa = PBXFileReference; lastKnownFileType = sourcecode.swift; path = "ConversationsListViewController+TableViewDelegate.swift"; sourceTree = "<group>"; };
		87BE211927466C21008FF4A6 /* ConversationsListViewController+TableViewDataSource.swift */ = {isa = PBXFileReference; lastKnownFileType = sourcecode.swift; path = "ConversationsListViewController+TableViewDataSource.swift"; sourceTree = "<group>"; };
		87C0E05E27627E9C00CBF13A /* ProfileTests.swift */ = {isa = PBXFileReference; lastKnownFileType = sourcecode.swift; path = ProfileTests.swift; sourceTree = "<group>"; };
		87C305DC275E5096008E8434 /* ChatTests.xctest */ = {isa = PBXFileReference; explicitFileType = wrapper.cfbundle; includeInIndex = 0; path = ChatTests.xctest; sourceTree = BUILT_PRODUCTS_DIR; };
		87C305DE275E5096008E8434 /* ChatTests.swift */ = {isa = PBXFileReference; lastKnownFileType = sourcecode.swift; path = ChatTests.swift; sourceTree = "<group>"; };
		87C305E5275E50EE008E8434 /* XCTest.framework */ = {isa = PBXFileReference; lastKnownFileType = wrapper.framework; name = XCTest.framework; path = Platforms/iPhoneOS.platform/Developer/Library/Frameworks/XCTest.framework; sourceTree = DEVELOPER_DIR; };
		87C305EB275E51A1008E8434 /* ChatUITests.xctest */ = {isa = PBXFileReference; explicitFileType = wrapper.cfbundle; includeInIndex = 0; path = ChatUITests.xctest; sourceTree = BUILT_PRODUCTS_DIR; };
		87C305ED275E51A2008E8434 /* ChatUITests.swift */ = {isa = PBXFileReference; lastKnownFileType = sourcecode.swift; path = ChatUITests.swift; sourceTree = "<group>"; };
		87C305EF275E51A2008E8434 /* ChatUITestsLaunchTests.swift */ = {isa = PBXFileReference; lastKnownFileType = sourcecode.swift; path = ChatUITestsLaunchTests.swift; sourceTree = "<group>"; };
		87C305F7275EBF0D008E8434 /* AccessibilityIdentifiers.swift */ = {isa = PBXFileReference; lastKnownFileType = sourcecode.swift; path = AccessibilityIdentifiers.swift; sourceTree = "<group>"; };
		87C305FA275F6AB0008E8434 /* APIKey.swift */ = {isa = PBXFileReference; lastKnownFileType = sourcecode.swift; path = APIKey.swift; sourceTree = "<group>"; };
		87C5F07827609CE0006870FF /* ConversationMessagesPresenter.swift */ = {isa = PBXFileReference; lastKnownFileType = sourcecode.swift; path = ConversationMessagesPresenter.swift; sourceTree = "<group>"; };
		87E6AAA4272D4D6A00A2DAFD /* Chat.xcdatamodel */ = {isa = PBXFileReference; lastKnownFileType = wrapper.xcdatamodel; path = Chat.xcdatamodel; sourceTree = "<group>"; };
		9DD2E2A840343F2A30F4AA76 /* Pods-Chat.debug.xcconfig */ = {isa = PBXFileReference; includeInIndex = 1; lastKnownFileType = text.xcconfig; name = "Pods-Chat.debug.xcconfig"; path = "Target Support Files/Pods-Chat/Pods-Chat.debug.xcconfig"; sourceTree = "<group>"; };
		D3A6243B839F498151EF9319 /* Pods-Chat.release.xcconfig */ = {isa = PBXFileReference; includeInIndex = 1; lastKnownFileType = text.xcconfig; name = "Pods-Chat.release.xcconfig"; path = "Target Support Files/Pods-Chat/Pods-Chat.release.xcconfig"; sourceTree = "<group>"; };
		E38F5A4D0F2ABAA513B0317F /* Pods_Chat.framework */ = {isa = PBXFileReference; explicitFileType = wrapper.framework; includeInIndex = 0; path = Pods_Chat.framework; sourceTree = BUILT_PRODUCTS_DIR; };
		E3B34741A86900CA29FD3436 /* Pods-ChatTests.debug.xcconfig */ = {isa = PBXFileReference; includeInIndex = 1; lastKnownFileType = text.xcconfig; name = "Pods-ChatTests.debug.xcconfig"; path = "Target Support Files/Pods-ChatTests/Pods-ChatTests.debug.xcconfig"; sourceTree = "<group>"; };
/* End PBXFileReference section */

/* Begin PBXFrameworksBuildPhase section */
		876BABF326FF38E800D5BF31 /* Frameworks */ = {
			isa = PBXFrameworksBuildPhase;
			buildActionMask = 2147483647;
			files = (
				1C174791C09164A74F16041C /* Pods_Chat.framework in Frameworks */,
			);
			runOnlyForDeploymentPostprocessing = 0;
		};
		87C305D9275E5096008E8434 /* Frameworks */ = {
			isa = PBXFrameworksBuildPhase;
			buildActionMask = 2147483647;
			files = (
				87C305E6275E50EE008E8434 /* XCTest.framework in Frameworks */,
				B0CBBA62FC92543AE0A2337B /* Pods_ChatTests.framework in Frameworks */,
			);
			runOnlyForDeploymentPostprocessing = 0;
		};
		87C305E8275E51A1008E8434 /* Frameworks */ = {
			isa = PBXFrameworksBuildPhase;
			buildActionMask = 2147483647;
			files = (
				87C305F6275E51B4008E8434 /* XCTest.framework in Frameworks */,
			);
			runOnlyForDeploymentPostprocessing = 0;
		};
/* End PBXFrameworksBuildPhase section */

/* Begin PBXGroup section */
		78D73AA7CE401EBBEBA4BECD /* Pods */ = {
			isa = PBXGroup;
			children = (
				9DD2E2A840343F2A30F4AA76 /* Pods-Chat.debug.xcconfig */,
				D3A6243B839F498151EF9319 /* Pods-Chat.release.xcconfig */,
				E3B34741A86900CA29FD3436 /* Pods-ChatTests.debug.xcconfig */,
				17D17C3CDF881725CB86F335 /* Pods-ChatTests.release.xcconfig */,
			);
			path = Pods;
			sourceTree = "<group>";
		};
		8768BDEF270C419C0078C271 /* ConversationMessagesModule */ = {
			isa = PBXGroup;
			children = (
				87C5F07A2760DAB5006870FF /* View */,
				87C5F07C2760DAD1006870FF /* Presenter */,
				87C5F07B2760DAC0006870FF /* Model */,
			);
			path = ConversationMessagesModule;
			sourceTree = "<group>";
		};
		876BABED26FF38E800D5BF31 = {
			isa = PBXGroup;
			children = (
				876BABF826FF38E800D5BF31 /* Chat */,
				87C305DD275E5096008E8434 /* ChatTests */,
				87C305EC275E51A1008E8434 /* ChatUITests */,
				876BABF726FF38E800D5BF31 /* Products */,
				78D73AA7CE401EBBEBA4BECD /* Pods */,
				DBA35397F4CF6F5D31AACCEC /* Frameworks */,
			);
			sourceTree = "<group>";
		};
		876BABF726FF38E800D5BF31 /* Products */ = {
			isa = PBXGroup;
			children = (
				876BABF626FF38E800D5BF31 /* Chat.app */,
				87C305DC275E5096008E8434 /* ChatTests.xctest */,
				87C305EB275E51A1008E8434 /* ChatUITests.xctest */,
			);
			name = Products;
			sourceTree = "<group>";
		};
		876BABF826FF38E800D5BF31 /* Chat */ = {
			isa = PBXGroup;
			children = (
				87C305F7275EBF0D008E8434 /* AccessibilityIdentifiers.swift */,
				87BBBFF82747C6D20067E043 /* ModuleBuilder.swift */,
				878CCC3527491FCF00A95F25 /* ServiceLayer */,
				87BBBFF32747B87F0067E043 /* ImagePickerModule */,
				876BAC0D26FF39C300D5BF31 /* Profile */,
				876BAC1826FF39E000D5BF31 /* Models */,
				8774D3372709B2EB007D359C /* ConversationsList */,
				8768BDEF270C419C0078C271 /* ConversationMessagesModule */,
				878182BF271C6E93008077DF /* UserProfileInfoHandlers */,
				87750AB0271D96A800B84A9C /* Themes */,
				87750AB7271E1AA100B84A9C /* Utils */,
				87750AB8271E1AD400B84A9C /* KeyConstants */,
				876BABF926FF38E800D5BF31 /* AppDelegate.swift */,
				878A59772746D3E8006F9158 /* DataManager */,
				87881FAD2752B602005925DA /* TabBar */,
				876BAC2F26FF460F00D5BF31 /* Assets.xcassets */,
				876BABFD26FF38E800D5BF31 /* ViewController.swift */,
				876BABFF26FF38E800D5BF31 /* Main.storyboard */,
				876BAC0426FF38EB00D5BF31 /* LaunchScreen.storyboard */,
				876BAC0726FF38EB00D5BF31 /* Info.plist */,
				878BFE1727241CD900DCC092 /* GoogleService-Info.plist */,
				876BAC2526FF3D7C00D5BF31 /* InfoPlist.strings */,
				876BAC1F26FF3A1B00D5BF31 /* Localizable.strings */,
				87E6AAA3272D4D6A00A2DAFD /* Chat.xcdatamodeld */,
			);
			path = Chat;
			sourceTree = "<group>";
		};
		876BAC0D26FF39C300D5BF31 /* Profile */ = {
			isa = PBXGroup;
			children = (
				876BAC0E26FF39C300D5BF31 /* ProfileButton.swift */,
				876BAC0F26FF39C300D5BF31 /* ProfileViewController.swift */,
				87A8274B274AE902001750C8 /* ProfileViewController+TextFieldDelegate.swift */,
				87A8274D274AE966001750C8 /* ProfileViewController+TextViewDelegate.swift */,
				878DC4E22753B90C00DB841E /* ProfileViewController+ImagePickerControllerDelegate+NavigationControllerDelegate.swift */,
				876BAC1026FF39C300D5BF31 /* ProfileLabel.swift */,
			);
			path = Profile;
			sourceTree = "<group>";
		};
		876BAC1826FF39E000D5BF31 /* Models */ = {
			isa = PBXGroup;
			children = (
				876BAC1926FF39E000D5BF31 /* Owner.swift */,
				8774D33C2709CB6A007D359C /* User.swift */,
				8774D33E270A024C007D359C /* TestData.swift */,
				8783FD02270BCB8400C21A66 /* Message.swift */,
				8781CC15271324BE00566A90 /* Themes.swift */,
				8775C7F12724C3A200AA8480 /* Channel.swift */,
			);
			path = Models;
			sourceTree = "<group>";
		};
		8774D3372709B2EB007D359C /* ConversationsList */ = {
			isa = PBXGroup;
			children = (
				876BAC1526FF39D600D5BF31 /* ConversationsListViewController.swift */,
				87BE211927466C21008FF4A6 /* ConversationsListViewController+TableViewDataSource.swift */,
				87BE211727466C0C008FF4A6 /* ConversationsListViewController+TableViewDelegate.swift */,
				87BE21112746642A008FF4A6 /* ConverasationListVewController+FRCDelegate.swift */,
				8774D3382709B32B007D359C /* ConversationListCell.swift */,
			);
			path = ConversationsList;
			sourceTree = "<group>";
		};
		87750AB0271D96A800B84A9C /* Themes */ = {
			isa = PBXGroup;
			children = (
				8781CC132713191000566A90 /* ThemesViewController.swift */,
			);
			path = Themes;
			sourceTree = "<group>";
		};
		87750AB7271E1AA100B84A9C /* Utils */ = {
			isa = PBXGroup;
			children = (
				8774D33A2709BB00007D359C /* CustomStackView.swift */,
				876BAC1426FF39D500D5BF31 /* UserImageView.swift */,
				876ED7EA272D107E002F85E2 /* Extensions.swift */,
			);
			path = Utils;
			sourceTree = "<group>";
		};
		87750AB8271E1AD400B84A9C /* KeyConstants */ = {
			isa = PBXGroup;
			children = (
				87B7E5EA2715950300F7F1C3 /* UserDefaultsKeys.swift */,
				87750AB3271E014900B84A9C /* FileKeys.swift */,
				87C305FA275F6AB0008E8434 /* APIKey.swift */,
			);
			path = KeyConstants;
			sourceTree = "<group>";
		};
		878182BF271C6E93008077DF /* UserProfileInfoHandlers */ = {
			isa = PBXGroup;
			children = (
				878182BD271C6E89008077DF /* GCDUserProfileInfoHandler.swift */,
				87750AB1271DA95C00B84A9C /* OperationUserProfileInfoHandler.swift */,
				87750AB5271E132E00B84A9C /* UserProfileInfoHandlerProtocol.swift */,
			);
			path = UserProfileInfoHandlers;
			sourceTree = "<group>";
		};
		87881FAD2752B602005925DA /* TabBar */ = {
			isa = PBXGroup;
			children = (
				878BFE1927243C6000DCC092 /* TabBarController.swift */,
				87881FAE2752B63B005925DA /* TabBarController+TabBarControllerDelegate.swift */,
			);
			path = TabBar;
			sourceTree = "<group>";
		};
		878A59772746D3E8006F9158 /* DataManager */ = {
			isa = PBXGroup;
			children = (
				87BB05E227313FE800017179 /* DataManager.swift */,
				878A59782746D423006F9158 /* ChannelsService.swift */,
				878A597A2746DA51006F9158 /* MessagesService.swift */,
			);
			path = DataManager;
			sourceTree = "<group>";
		};
		878CCC3527491FCF00A95F25 /* ServiceLayer */ = {
			isa = PBXGroup;
			children = (
				878CCC3327491FA200A95F25 /* NetworkService.swift */,
			);
			path = ServiceLayer;
			sourceTree = "<group>";
		};
		87BBBFF32747B87F0067E043 /* ImagePickerModule */ = {
			isa = PBXGroup;
			children = (
				87BBBFF62747C6660067E043 /* View */,
				87BBBFF72747C66D0067E043 /* Presenter */,
				87BBBFFC274801530067E043 /* Model */,
			);
			path = ImagePickerModule;
			sourceTree = "<group>";
		};
		87BBBFF62747C6660067E043 /* View */ = {
			isa = PBXGroup;
			children = (
				87BBBFF12747B8780067E043 /* ImagePickerViewController.swift */,
			);
			path = View;
			sourceTree = "<group>";
		};
		87BBBFF72747C66D0067E043 /* Presenter */ = {
			isa = PBXGroup;
			children = (
				87BBBFF42747C1F10067E043 /* ImagePickerPresenter.swift */,
			);
			path = Presenter;
			sourceTree = "<group>";
		};
		87BBBFFC274801530067E043 /* Model */ = {
			isa = PBXGroup;
			children = (
				87BBBFFA2748014E0067E043 /* ImagesList.swift */,
			);
			path = Model;
			sourceTree = "<group>";
		};
		87C305DD275E5096008E8434 /* ChatTests */ = {
			isa = PBXGroup;
			children = (
				87C0E05E27627E9C00CBF13A /* ProfileTests.swift */,
				87C305DE275E5096008E8434 /* ChatTests.swift */,
			);
			path = ChatTests;
			sourceTree = "<group>";
		};
		87C305EC275E51A1008E8434 /* ChatUITests */ = {
			isa = PBXGroup;
			children = (
				87C305ED275E51A2008E8434 /* ChatUITests.swift */,
				87C305EF275E51A2008E8434 /* ChatUITestsLaunchTests.swift */,
			);
			path = ChatUITests;
			sourceTree = "<group>";
		};
		87C5F07A2760DAB5006870FF /* View */ = {
			isa = PBXGroup;
			children = (
				8768BDED270C417B0078C271 /* ConversationViewController.swift */,
				87BE211527466633008FF4A6 /* ConversationViewController+TableViewDataSource.swift */,
				8768BDF0270C53650078C271 /* MessageCell.swift */,
			);
			path = View;
			sourceTree = "<group>";
		};
		87C5F07B2760DAC0006870FF /* Model */ = {
			isa = PBXGroup;
			children = (
				8775C7F32724C40200AA8480 /* ChannelMessage.swift */,
			);
			path = Model;
			sourceTree = "<group>";
		};
		87C5F07C2760DAD1006870FF /* Presenter */ = {
			isa = PBXGroup;
			children = (
				87C5F07827609CE0006870FF /* ConversationMessagesPresenter.swift */,
			);
			path = Presenter;
			sourceTree = "<group>";
		};
		DBA35397F4CF6F5D31AACCEC /* Frameworks */ = {
			isa = PBXGroup;
			children = (
				87C305E5275E50EE008E8434 /* XCTest.framework */,
				E38F5A4D0F2ABAA513B0317F /* Pods_Chat.framework */,
				1C8FC38B1AB5E5892AF2E86B /* Pods_ChatTests.framework */,
			);
			name = Frameworks;
			sourceTree = "<group>";
		};
/* End PBXGroup section */

/* Begin PBXNativeTarget section */
		876BABF526FF38E800D5BF31 /* Chat */ = {
			isa = PBXNativeTarget;
			buildConfigurationList = 876BAC0A26FF38EB00D5BF31 /* Build configuration list for PBXNativeTarget "Chat" */;
			buildPhases = (
				EB952591660F5F2DF0F1F322 /* [CP] Check Pods Manifest.lock */,
				878BFE1627241C3300DCC092 /* ShellScript */,
				876BABF226FF38E800D5BF31 /* Sources */,
				876BABF326FF38E800D5BF31 /* Frameworks */,
				876BABF426FF38E800D5BF31 /* Resources */,
				3390E4139F01EBCD6D7D946B /* [CP] Embed Pods Frameworks */,
			);
			buildRules = (
			);
			dependencies = (
			);
			name = Chat;
			productName = Chat;
			productReference = 876BABF626FF38E800D5BF31 /* Chat.app */;
			productType = "com.apple.product-type.application";
		};
		87C305DB275E5096008E8434 /* ChatTests */ = {
			isa = PBXNativeTarget;
			buildConfigurationList = 87C305E4275E5096008E8434 /* Build configuration list for PBXNativeTarget "ChatTests" */;
			buildPhases = (
				CAB40A833E0C3AB31B9E6970 /* [CP] Check Pods Manifest.lock */,
				87C305D8275E5096008E8434 /* Sources */,
				87C305D9275E5096008E8434 /* Frameworks */,
				87C305DA275E5096008E8434 /* Resources */,
				D9F67A35BAA644950175429F /* [CP] Embed Pods Frameworks */,
			);
			buildRules = (
			);
			dependencies = (
				87C305E1275E5096008E8434 /* PBXTargetDependency */,
			);
			name = ChatTests;
			productName = ChatTests;
			productReference = 87C305DC275E5096008E8434 /* ChatTests.xctest */;
			productType = "com.apple.product-type.bundle.unit-test";
		};
		87C305EA275E51A1008E8434 /* ChatUITests */ = {
			isa = PBXNativeTarget;
			buildConfigurationList = 87C305F3275E51A2008E8434 /* Build configuration list for PBXNativeTarget "ChatUITests" */;
			buildPhases = (
				87C305E7275E51A1008E8434 /* Sources */,
				87C305E8275E51A1008E8434 /* Frameworks */,
				87C305E9275E51A1008E8434 /* Resources */,
			);
			buildRules = (
			);
			dependencies = (
				87C305F2275E51A2008E8434 /* PBXTargetDependency */,
			);
			name = ChatUITests;
			productName = ChatUITests;
			productReference = 87C305EB275E51A1008E8434 /* ChatUITests.xctest */;
			productType = "com.apple.product-type.bundle.ui-testing";
		};
/* End PBXNativeTarget section */

/* Begin PBXProject section */
		876BABEE26FF38E800D5BF31 /* Project object */ = {
			isa = PBXProject;
			attributes = {
				BuildIndependentTargetsInParallel = 1;
				LastSwiftUpdateCheck = 1310;
				LastUpgradeCheck = 1300;
				TargetAttributes = {
					876BABF526FF38E800D5BF31 = {
						CreatedOnToolsVersion = 13.0;
					};
					87C305DB275E5096008E8434 = {
						CreatedOnToolsVersion = 13.1;
						TestTargetID = 876BABF526FF38E800D5BF31;
					};
					87C305EA275E51A1008E8434 = {
						CreatedOnToolsVersion = 13.1;
						TestTargetID = 876BABF526FF38E800D5BF31;
					};
				};
			};
			buildConfigurationList = 876BABF126FF38E800D5BF31 /* Build configuration list for PBXProject "Chat" */;
			compatibilityVersion = "Xcode 13.0";
			developmentRegion = en;
			hasScannedForEncodings = 0;
			knownRegions = (
				en,
				Base,
				ru,
			);
			mainGroup = 876BABED26FF38E800D5BF31;
			productRefGroup = 876BABF726FF38E800D5BF31 /* Products */;
			projectDirPath = "";
			projectRoot = "";
			targets = (
				876BABF526FF38E800D5BF31 /* Chat */,
				87C305DB275E5096008E8434 /* ChatTests */,
				87C305EA275E51A1008E8434 /* ChatUITests */,
			);
		};
/* End PBXProject section */

/* Begin PBXResourcesBuildPhase section */
		876BABF426FF38E800D5BF31 /* Resources */ = {
			isa = PBXResourcesBuildPhase;
			buildActionMask = 2147483647;
			files = (
				876BAC0626FF38EB00D5BF31 /* LaunchScreen.storyboard in Resources */,
				876BAC1D26FF3A1B00D5BF31 /* Localizable.strings in Resources */,
				876BAC0126FF38E800D5BF31 /* Main.storyboard in Resources */,
				876BAC2326FF3D7C00D5BF31 /* InfoPlist.strings in Resources */,
				876BAC3026FF460F00D5BF31 /* Assets.xcassets in Resources */,
				878BFE1827241CD900DCC092 /* GoogleService-Info.plist in Resources */,
			);
			runOnlyForDeploymentPostprocessing = 0;
		};
		87C305DA275E5096008E8434 /* Resources */ = {
			isa = PBXResourcesBuildPhase;
			buildActionMask = 2147483647;
			files = (
			);
			runOnlyForDeploymentPostprocessing = 0;
		};
		87C305E9275E51A1008E8434 /* Resources */ = {
			isa = PBXResourcesBuildPhase;
			buildActionMask = 2147483647;
			files = (
			);
			runOnlyForDeploymentPostprocessing = 0;
		};
/* End PBXResourcesBuildPhase section */

/* Begin PBXShellScriptBuildPhase section */
		3390E4139F01EBCD6D7D946B /* [CP] Embed Pods Frameworks */ = {
			isa = PBXShellScriptBuildPhase;
			buildActionMask = 2147483647;
			files = (
			);
			inputFileListPaths = (
				"${PODS_ROOT}/Target Support Files/Pods-Chat/Pods-Chat-frameworks-${CONFIGURATION}-input-files.xcfilelist",
			);
			name = "[CP] Embed Pods Frameworks";
			outputFileListPaths = (
				"${PODS_ROOT}/Target Support Files/Pods-Chat/Pods-Chat-frameworks-${CONFIGURATION}-output-files.xcfilelist",
			);
			runOnlyForDeploymentPostprocessing = 0;
			shellPath = /bin/sh;
			shellScript = "\"${PODS_ROOT}/Target Support Files/Pods-Chat/Pods-Chat-frameworks.sh\"\n";
			showEnvVarsInLog = 0;
		};
		878BFE1627241C3300DCC092 /* ShellScript */ = {
			isa = PBXShellScriptBuildPhase;
			buildActionMask = 2147483647;
			files = (
			);
			inputFileListPaths = (
			);
			inputPaths = (
			);
			outputFileListPaths = (
			);
			outputPaths = (
			);
			runOnlyForDeploymentPostprocessing = 0;
			shellPath = /bin/sh;
			shellScript = "\"${PODS_ROOT}/SwiftLint/swiftlint\"\n";
		};
		CAB40A833E0C3AB31B9E6970 /* [CP] Check Pods Manifest.lock */ = {
			isa = PBXShellScriptBuildPhase;
			buildActionMask = 2147483647;
			files = (
			);
			inputFileListPaths = (
			);
			inputPaths = (
				"${PODS_PODFILE_DIR_PATH}/Podfile.lock",
				"${PODS_ROOT}/Manifest.lock",
			);
			name = "[CP] Check Pods Manifest.lock";
			outputFileListPaths = (
			);
			outputPaths = (
				"$(DERIVED_FILE_DIR)/Pods-ChatTests-checkManifestLockResult.txt",
			);
			runOnlyForDeploymentPostprocessing = 0;
			shellPath = /bin/sh;
			shellScript = "diff \"${PODS_PODFILE_DIR_PATH}/Podfile.lock\" \"${PODS_ROOT}/Manifest.lock\" > /dev/null\nif [ $? != 0 ] ; then\n    # print error to STDERR\n    echo \"error: The sandbox is not in sync with the Podfile.lock. Run 'pod install' or update your CocoaPods installation.\" >&2\n    exit 1\nfi\n# This output is used by Xcode 'outputs' to avoid re-running this script phase.\necho \"SUCCESS\" > \"${SCRIPT_OUTPUT_FILE_0}\"\n";
			showEnvVarsInLog = 0;
		};
		D9F67A35BAA644950175429F /* [CP] Embed Pods Frameworks */ = {
			isa = PBXShellScriptBuildPhase;
			buildActionMask = 2147483647;
			files = (
			);
			inputFileListPaths = (
				"${PODS_ROOT}/Target Support Files/Pods-ChatTests/Pods-ChatTests-frameworks-${CONFIGURATION}-input-files.xcfilelist",
			);
			name = "[CP] Embed Pods Frameworks";
			outputFileListPaths = (
				"${PODS_ROOT}/Target Support Files/Pods-ChatTests/Pods-ChatTests-frameworks-${CONFIGURATION}-output-files.xcfilelist",
			);
			runOnlyForDeploymentPostprocessing = 0;
			shellPath = /bin/sh;
			shellScript = "\"${PODS_ROOT}/Target Support Files/Pods-ChatTests/Pods-ChatTests-frameworks.sh\"\n";
			showEnvVarsInLog = 0;
		};
		EB952591660F5F2DF0F1F322 /* [CP] Check Pods Manifest.lock */ = {
			isa = PBXShellScriptBuildPhase;
			buildActionMask = 2147483647;
			files = (
			);
			inputFileListPaths = (
			);
			inputPaths = (
				"${PODS_PODFILE_DIR_PATH}/Podfile.lock",
				"${PODS_ROOT}/Manifest.lock",
			);
			name = "[CP] Check Pods Manifest.lock";
			outputFileListPaths = (
			);
			outputPaths = (
				"$(DERIVED_FILE_DIR)/Pods-Chat-checkManifestLockResult.txt",
			);
			runOnlyForDeploymentPostprocessing = 0;
			shellPath = /bin/sh;
			shellScript = "diff \"${PODS_PODFILE_DIR_PATH}/Podfile.lock\" \"${PODS_ROOT}/Manifest.lock\" > /dev/null\nif [ $? != 0 ] ; then\n    # print error to STDERR\n    echo \"error: The sandbox is not in sync with the Podfile.lock. Run 'pod install' or update your CocoaPods installation.\" >&2\n    exit 1\nfi\n# This output is used by Xcode 'outputs' to avoid re-running this script phase.\necho \"SUCCESS\" > \"${SCRIPT_OUTPUT_FILE_0}\"\n";
			showEnvVarsInLog = 0;
		};
/* End PBXShellScriptBuildPhase section */

/* Begin PBXSourcesBuildPhase section */
		876BABF226FF38E800D5BF31 /* Sources */ = {
			isa = PBXSourcesBuildPhase;
			buildActionMask = 2147483647;
			files = (
				878A597B2746DA51006F9158 /* MessagesService.swift in Sources */,
				8781CC16271324BE00566A90 /* Themes.swift in Sources */,
				87C305FB275F6AB0008E8434 /* APIKey.swift in Sources */,
				8775C7F22724C3A200AA8480 /* Channel.swift in Sources */,
				87A8274E274AE966001750C8 /* ProfileViewController+TextViewDelegate.swift in Sources */,
				87BE211627466633008FF4A6 /* ConversationViewController+TableViewDataSource.swift in Sources */,
				8768BDEE270C417B0078C271 /* ConversationViewController.swift in Sources */,
				878DC4E32753B90C00DB841E /* ProfileViewController+ImagePickerControllerDelegate+NavigationControllerDelegate.swift in Sources */,
				87BE211827466C0C008FF4A6 /* ConversationsListViewController+TableViewDelegate.swift in Sources */,
				8774D33B2709BB00007D359C /* CustomStackView.swift in Sources */,
				876BAC1726FF39D600D5BF31 /* ConversationsListViewController.swift in Sources */,
				87B7E5EB2715950300F7F1C3 /* UserDefaultsKeys.swift in Sources */,
				878BFE1A27243C6000DCC092 /* TabBarController.swift in Sources */,
				878CCC3427491FA200A95F25 /* NetworkService.swift in Sources */,
				87BE211A27466C21008FF4A6 /* ConversationsListViewController+TableViewDataSource.swift in Sources */,
				876BAC1126FF39C300D5BF31 /* ProfileButton.swift in Sources */,
				87C5F07927609CE0006870FF /* ConversationMessagesPresenter.swift in Sources */,
				87750AB4271E014900B84A9C /* FileKeys.swift in Sources */,
				87E6AAA5272D4D6A00A2DAFD /* Chat.xcdatamodeld in Sources */,
				87A8274C274AE903001750C8 /* ProfileViewController+TextFieldDelegate.swift in Sources */,
				878A59792746D423006F9158 /* ChannelsService.swift in Sources */,
				8774D33F270A024D007D359C /* TestData.swift in Sources */,
				876BABFE26FF38E800D5BF31 /* ViewController.swift in Sources */,
				876BAC1326FF39C300D5BF31 /* ProfileLabel.swift in Sources */,
				878182BE271C6E89008077DF /* GCDUserProfileInfoHandler.swift in Sources */,
				87BBBFFB2748014E0067E043 /* ImagesList.swift in Sources */,
				87750AB6271E132E00B84A9C /* UserProfileInfoHandlerProtocol.swift in Sources */,
				876BAC1A26FF39E000D5BF31 /* Owner.swift in Sources */,
				87750AB2271DA95C00B84A9C /* OperationUserProfileInfoHandler.swift in Sources */,
				87C305F8275EBF0D008E8434 /* AccessibilityIdentifiers.swift in Sources */,
				87BB05E327313FE800017179 /* DataManager.swift in Sources */,
				87BBBFF22747B8780067E043 /* ImagePickerViewController.swift in Sources */,
				87BBBFF52747C1F10067E043 /* ImagePickerPresenter.swift in Sources */,
				87BE21122746642A008FF4A6 /* ConverasationListVewController+FRCDelegate.swift in Sources */,
				876BAC1626FF39D600D5BF31 /* UserImageView.swift in Sources */,
				876BAC1226FF39C300D5BF31 /* ProfileViewController.swift in Sources */,
				8781CC142713191000566A90 /* ThemesViewController.swift in Sources */,
				87BBBFF92747C6D20067E043 /* ModuleBuilder.swift in Sources */,
				8783FD03270BCB8400C21A66 /* Message.swift in Sources */,
				8768BDF1270C53650078C271 /* MessageCell.swift in Sources */,
				87881FAF2752B63B005925DA /* TabBarController+TabBarControllerDelegate.swift in Sources */,
				876ED7EB272D107E002F85E2 /* Extensions.swift in Sources */,
				8775C7F42724C40200AA8480 /* ChannelMessage.swift in Sources */,
				876BABFA26FF38E800D5BF31 /* AppDelegate.swift in Sources */,
				8774D3392709B32B007D359C /* ConversationListCell.swift in Sources */,
				8774D33D2709CB6A007D359C /* User.swift in Sources */,
			);
			runOnlyForDeploymentPostprocessing = 0;
		};
		87C305D8275E5096008E8434 /* Sources */ = {
			isa = PBXSourcesBuildPhase;
			buildActionMask = 2147483647;
			files = (
				87C0E05F27627E9C00CBF13A /* ProfileTests.swift in Sources */,
				87C305FC275F6CFF008E8434 /* APIKey.swift in Sources */,
				87C305DF275E5096008E8434 /* ChatTests.swift in Sources */,
			);
			runOnlyForDeploymentPostprocessing = 0;
		};
		87C305E7275E51A1008E8434 /* Sources */ = {
			isa = PBXSourcesBuildPhase;
			buildActionMask = 2147483647;
			files = (
				87C305F9275ECC09008E8434 /* AccessibilityIdentifiers.swift in Sources */,
				87C305F0275E51A2008E8434 /* ChatUITestsLaunchTests.swift in Sources */,
				87C305EE275E51A2008E8434 /* ChatUITests.swift in Sources */,
			);
			runOnlyForDeploymentPostprocessing = 0;
		};
/* End PBXSourcesBuildPhase section */

/* Begin PBXTargetDependency section */
		87C305E1275E5096008E8434 /* PBXTargetDependency */ = {
			isa = PBXTargetDependency;
			target = 876BABF526FF38E800D5BF31 /* Chat */;
			targetProxy = 87C305E0275E5096008E8434 /* PBXContainerItemProxy */;
		};
		87C305F2275E51A2008E8434 /* PBXTargetDependency */ = {
			isa = PBXTargetDependency;
			target = 876BABF526FF38E800D5BF31 /* Chat */;
			targetProxy = 87C305F1275E51A2008E8434 /* PBXContainerItemProxy */;
		};
/* End PBXTargetDependency section */

/* Begin PBXVariantGroup section */
		876BABFF26FF38E800D5BF31 /* Main.storyboard */ = {
			isa = PBXVariantGroup;
			children = (
				876BAC0026FF38E800D5BF31 /* Base */,
			);
			name = Main.storyboard;
			sourceTree = "<group>";
		};
		876BAC0426FF38EB00D5BF31 /* LaunchScreen.storyboard */ = {
			isa = PBXVariantGroup;
			children = (
				876BAC0526FF38EB00D5BF31 /* Base */,
			);
			name = LaunchScreen.storyboard;
			sourceTree = "<group>";
		};
		876BAC1F26FF3A1B00D5BF31 /* Localizable.strings */ = {
			isa = PBXVariantGroup;
			children = (
				876BAC1E26FF3A1B00D5BF31 /* en */,
				876BAC2026FF3A2D00D5BF31 /* ru */,
			);
			name = Localizable.strings;
			sourceTree = "<group>";
		};
		876BAC2526FF3D7C00D5BF31 /* InfoPlist.strings */ = {
			isa = PBXVariantGroup;
			children = (
				876BAC2426FF3D7C00D5BF31 /* ru */,
				876BAC2626FF3D7E00D5BF31 /* en */,
			);
			name = InfoPlist.strings;
			sourceTree = "<group>";
		};
/* End PBXVariantGroup section */

/* Begin XCBuildConfiguration section */
		876BAC0826FF38EB00D5BF31 /* Debug */ = {
			isa = XCBuildConfiguration;
			buildSettings = {
				ALWAYS_SEARCH_USER_PATHS = NO;
				CLANG_ANALYZER_LOCALIZABILITY_NONLOCALIZED = YES;
				CLANG_ANALYZER_NONNULL = YES;
				CLANG_ANALYZER_NUMBER_OBJECT_CONVERSION = YES_AGGRESSIVE;
				CLANG_CXX_LANGUAGE_STANDARD = "gnu++17";
				CLANG_CXX_LIBRARY = "libc++";
				CLANG_ENABLE_MODULES = YES;
				CLANG_ENABLE_OBJC_ARC = YES;
				CLANG_ENABLE_OBJC_WEAK = YES;
				CLANG_WARN_BLOCK_CAPTURE_AUTORELEASING = YES;
				CLANG_WARN_BOOL_CONVERSION = YES;
				CLANG_WARN_COMMA = YES;
				CLANG_WARN_CONSTANT_CONVERSION = YES;
				CLANG_WARN_DEPRECATED_OBJC_IMPLEMENTATIONS = YES;
				CLANG_WARN_DIRECT_OBJC_ISA_USAGE = YES_ERROR;
				CLANG_WARN_DOCUMENTATION_COMMENTS = YES;
				CLANG_WARN_EMPTY_BODY = YES;
				CLANG_WARN_ENUM_CONVERSION = YES;
				CLANG_WARN_INFINITE_RECURSION = YES;
				CLANG_WARN_INT_CONVERSION = YES;
				CLANG_WARN_NON_LITERAL_NULL_CONVERSION = YES;
				CLANG_WARN_OBJC_IMPLICIT_RETAIN_SELF = YES;
				CLANG_WARN_OBJC_LITERAL_CONVERSION = YES;
				CLANG_WARN_OBJC_ROOT_CLASS = YES_ERROR;
				CLANG_WARN_QUOTED_INCLUDE_IN_FRAMEWORK_HEADER = YES;
				CLANG_WARN_RANGE_LOOP_ANALYSIS = YES;
				CLANG_WARN_STRICT_PROTOTYPES = YES;
				CLANG_WARN_SUSPICIOUS_MOVE = YES;
				CLANG_WARN_UNGUARDED_AVAILABILITY = YES_AGGRESSIVE;
				CLANG_WARN_UNREACHABLE_CODE = YES;
				CLANG_WARN__DUPLICATE_METHOD_MATCH = YES;
				COPY_PHASE_STRIP = NO;
				DEBUG_INFORMATION_FORMAT = dwarf;
				ENABLE_STRICT_OBJC_MSGSEND = YES;
				ENABLE_TESTABILITY = YES;
				GCC_C_LANGUAGE_STANDARD = gnu11;
				GCC_DYNAMIC_NO_PIC = NO;
				GCC_NO_COMMON_BLOCKS = YES;
				GCC_OPTIMIZATION_LEVEL = 0;
				GCC_PREPROCESSOR_DEFINITIONS = (
					"DEBUG=1",
					"$(inherited)",
				);
				GCC_WARN_64_TO_32_BIT_CONVERSION = YES;
				GCC_WARN_ABOUT_RETURN_TYPE = YES_ERROR;
				GCC_WARN_UNDECLARED_SELECTOR = YES;
				GCC_WARN_UNINITIALIZED_AUTOS = YES_AGGRESSIVE;
				GCC_WARN_UNUSED_FUNCTION = YES;
				GCC_WARN_UNUSED_VARIABLE = YES;
				IPHONEOS_DEPLOYMENT_TARGET = 12.0;
				MTL_ENABLE_DEBUG_INFO = INCLUDE_SOURCE;
				MTL_FAST_MATH = YES;
				ONLY_ACTIVE_ARCH = YES;
				SDKROOT = iphoneos;
				SWIFT_ACTIVE_COMPILATION_CONDITIONS = DEBUG;
				SWIFT_OPTIMIZATION_LEVEL = "-Onone";
			};
			name = Debug;
		};
		876BAC0926FF38EB00D5BF31 /* Release */ = {
			isa = XCBuildConfiguration;
			buildSettings = {
				ALWAYS_SEARCH_USER_PATHS = NO;
				CLANG_ANALYZER_LOCALIZABILITY_NONLOCALIZED = YES;
				CLANG_ANALYZER_NONNULL = YES;
				CLANG_ANALYZER_NUMBER_OBJECT_CONVERSION = YES_AGGRESSIVE;
				CLANG_CXX_LANGUAGE_STANDARD = "gnu++17";
				CLANG_CXX_LIBRARY = "libc++";
				CLANG_ENABLE_MODULES = YES;
				CLANG_ENABLE_OBJC_ARC = YES;
				CLANG_ENABLE_OBJC_WEAK = YES;
				CLANG_WARN_BLOCK_CAPTURE_AUTORELEASING = YES;
				CLANG_WARN_BOOL_CONVERSION = YES;
				CLANG_WARN_COMMA = YES;
				CLANG_WARN_CONSTANT_CONVERSION = YES;
				CLANG_WARN_DEPRECATED_OBJC_IMPLEMENTATIONS = YES;
				CLANG_WARN_DIRECT_OBJC_ISA_USAGE = YES_ERROR;
				CLANG_WARN_DOCUMENTATION_COMMENTS = YES;
				CLANG_WARN_EMPTY_BODY = YES;
				CLANG_WARN_ENUM_CONVERSION = YES;
				CLANG_WARN_INFINITE_RECURSION = YES;
				CLANG_WARN_INT_CONVERSION = YES;
				CLANG_WARN_NON_LITERAL_NULL_CONVERSION = YES;
				CLANG_WARN_OBJC_IMPLICIT_RETAIN_SELF = YES;
				CLANG_WARN_OBJC_LITERAL_CONVERSION = YES;
				CLANG_WARN_OBJC_ROOT_CLASS = YES_ERROR;
				CLANG_WARN_QUOTED_INCLUDE_IN_FRAMEWORK_HEADER = YES;
				CLANG_WARN_RANGE_LOOP_ANALYSIS = YES;
				CLANG_WARN_STRICT_PROTOTYPES = YES;
				CLANG_WARN_SUSPICIOUS_MOVE = YES;
				CLANG_WARN_UNGUARDED_AVAILABILITY = YES_AGGRESSIVE;
				CLANG_WARN_UNREACHABLE_CODE = YES;
				CLANG_WARN__DUPLICATE_METHOD_MATCH = YES;
				COPY_PHASE_STRIP = NO;
				DEBUG_INFORMATION_FORMAT = "dwarf-with-dsym";
				ENABLE_NS_ASSERTIONS = NO;
				ENABLE_STRICT_OBJC_MSGSEND = YES;
				GCC_C_LANGUAGE_STANDARD = gnu11;
				GCC_NO_COMMON_BLOCKS = YES;
				GCC_WARN_64_TO_32_BIT_CONVERSION = YES;
				GCC_WARN_ABOUT_RETURN_TYPE = YES_ERROR;
				GCC_WARN_UNDECLARED_SELECTOR = YES;
				GCC_WARN_UNINITIALIZED_AUTOS = YES_AGGRESSIVE;
				GCC_WARN_UNUSED_FUNCTION = YES;
				GCC_WARN_UNUSED_VARIABLE = YES;
				IPHONEOS_DEPLOYMENT_TARGET = 12.0;
				MTL_ENABLE_DEBUG_INFO = NO;
				MTL_FAST_MATH = YES;
				SDKROOT = iphoneos;
				SWIFT_COMPILATION_MODE = wholemodule;
				SWIFT_OPTIMIZATION_LEVEL = "-O";
				VALIDATE_PRODUCT = YES;
			};
			name = Release;
		};
		876BAC0B26FF38EB00D5BF31 /* Debug */ = {
			isa = XCBuildConfiguration;
			baseConfigurationReference = 9DD2E2A840343F2A30F4AA76 /* Pods-Chat.debug.xcconfig */;
			buildSettings = {
				ASSETCATALOG_COMPILER_APPICON_NAME = AppIcon;
				ASSETCATALOG_COMPILER_GLOBAL_ACCENT_COLOR_NAME = AccentColor;
				ASSETCATALOG_COMPILER_INCLUDE_ALL_APPICON_ASSETS = NO;
				CODE_SIGN_STYLE = Automatic;
				CURRENT_PROJECT_VERSION = 1;
				DEVELOPMENT_TEAM = AX6R3S6HFV;
				GENERATE_INFOPLIST_FILE = YES;
				INFOPLIST_FILE = Chat/Info.plist;
				INFOPLIST_KEY_NSCameraUsageDescription = "Please allow access to the camera";
				INFOPLIST_KEY_NSPhotoLibraryUsageDescription = "Please allow access to the photo library";
				INFOPLIST_KEY_UIApplicationSupportsIndirectInputEvents = YES;
				INFOPLIST_KEY_UILaunchStoryboardName = LaunchScreen;
				INFOPLIST_KEY_UIMainStoryboardFile = Main;
				INFOPLIST_KEY_UIRequiredDeviceCapabilities = armv7;
				INFOPLIST_KEY_UISupportedInterfaceOrientations = UIInterfaceOrientationPortrait;
				INFOPLIST_KEY_UISupportedInterfaceOrientations_iPad = "UIInterfaceOrientationPortrait UIInterfaceOrientationPortraitUpsideDown UIInterfaceOrientationLandscapeLeft UIInterfaceOrientationLandscapeRight";
				INFOPLIST_KEY_UISupportedInterfaceOrientations_iPhone = UIInterfaceOrientationPortrait;
				IPHONEOS_DEPLOYMENT_TARGET = 12.0;
				LD_RUNPATH_SEARCH_PATHS = (
					"$(inherited)",
					"@executable_path/Frameworks",
				);
				MARKETING_VERSION = 1.0;
				PRODUCT_BUNDLE_IDENTIFIER = ru.tinkoff.TinkoffChat;
				PRODUCT_NAME = "$(TARGET_NAME)";
				SWIFT_EMIT_LOC_STRINGS = YES;
				SWIFT_VERSION = 5.0;
				TARGETED_DEVICE_FAMILY = 1;
			};
			name = Debug;
		};
		876BAC0C26FF38EB00D5BF31 /* Release */ = {
			isa = XCBuildConfiguration;
			baseConfigurationReference = D3A6243B839F498151EF9319 /* Pods-Chat.release.xcconfig */;
			buildSettings = {
				ASSETCATALOG_COMPILER_APPICON_NAME = AppIcon;
				ASSETCATALOG_COMPILER_GLOBAL_ACCENT_COLOR_NAME = AccentColor;
				ASSETCATALOG_COMPILER_INCLUDE_ALL_APPICON_ASSETS = NO;
				CODE_SIGN_STYLE = Automatic;
				CURRENT_PROJECT_VERSION = 1;
				DEVELOPMENT_TEAM = AX6R3S6HFV;
				GENERATE_INFOPLIST_FILE = YES;
				INFOPLIST_FILE = Chat/Info.plist;
				INFOPLIST_KEY_NSCameraUsageDescription = "Please allow access to the camera";
				INFOPLIST_KEY_NSPhotoLibraryUsageDescription = "Please allow access to the photo library";
				INFOPLIST_KEY_UIApplicationSupportsIndirectInputEvents = YES;
				INFOPLIST_KEY_UILaunchStoryboardName = LaunchScreen;
				INFOPLIST_KEY_UIMainStoryboardFile = Main;
				INFOPLIST_KEY_UIRequiredDeviceCapabilities = armv7;
				INFOPLIST_KEY_UISupportedInterfaceOrientations = UIInterfaceOrientationPortrait;
				INFOPLIST_KEY_UISupportedInterfaceOrientations_iPad = "UIInterfaceOrientationPortrait UIInterfaceOrientationPortraitUpsideDown UIInterfaceOrientationLandscapeLeft UIInterfaceOrientationLandscapeRight";
				INFOPLIST_KEY_UISupportedInterfaceOrientations_iPhone = UIInterfaceOrientationPortrait;
				IPHONEOS_DEPLOYMENT_TARGET = 12.0;
				LD_RUNPATH_SEARCH_PATHS = (
					"$(inherited)",
					"@executable_path/Frameworks",
				);
				MARKETING_VERSION = 1.0;
				PRODUCT_BUNDLE_IDENTIFIER = ru.tinkoff.TinkoffChat;
				PRODUCT_NAME = "$(TARGET_NAME)";
				SWIFT_EMIT_LOC_STRINGS = YES;
				SWIFT_VERSION = 5.0;
				TARGETED_DEVICE_FAMILY = 1;
			};
			name = Release;
		};
		87C305E2275E5096008E8434 /* Debug */ = {
			isa = XCBuildConfiguration;
			baseConfigurationReference = E3B34741A86900CA29FD3436 /* Pods-ChatTests.debug.xcconfig */;
			buildSettings = {
				BUNDLE_LOADER = "$(TEST_HOST)";
				CODE_SIGN_STYLE = Automatic;
				CURRENT_PROJECT_VERSION = 1;
				DEVELOPMENT_TEAM = AX6R3S6HFV;
				GENERATE_INFOPLIST_FILE = YES;
				IPHONEOS_DEPLOYMENT_TARGET = 12.0;
				LD_RUNPATH_SEARCH_PATHS = (
					"$(inherited)",
					"@executable_path/Frameworks",
					"@loader_path/Frameworks",
				);
				MARKETING_VERSION = 1.0;
				PRODUCT_BUNDLE_IDENTIFIER = com.sergeygryaznov.ChatTests;
				PRODUCT_NAME = "$(TARGET_NAME)";
				SWIFT_EMIT_LOC_STRINGS = NO;
				SWIFT_VERSION = 5.0;
				TARGETED_DEVICE_FAMILY = "1,2";
				TEST_HOST = "$(BUILT_PRODUCTS_DIR)/Chat.app/Chat";
			};
			name = Debug;
		};
		87C305E3275E5096008E8434 /* Release */ = {
			isa = XCBuildConfiguration;
			baseConfigurationReference = 17D17C3CDF881725CB86F335 /* Pods-ChatTests.release.xcconfig */;
			buildSettings = {
				BUNDLE_LOADER = "$(TEST_HOST)";
				CODE_SIGN_STYLE = Automatic;
				CURRENT_PROJECT_VERSION = 1;
				DEVELOPMENT_TEAM = AX6R3S6HFV;
				GENERATE_INFOPLIST_FILE = YES;
				IPHONEOS_DEPLOYMENT_TARGET = 12.0;
				LD_RUNPATH_SEARCH_PATHS = (
					"$(inherited)",
					"@executable_path/Frameworks",
					"@loader_path/Frameworks",
				);
				MARKETING_VERSION = 1.0;
				PRODUCT_BUNDLE_IDENTIFIER = com.sergeygryaznov.ChatTests;
				PRODUCT_NAME = "$(TARGET_NAME)";
				SWIFT_EMIT_LOC_STRINGS = NO;
				SWIFT_VERSION = 5.0;
				TARGETED_DEVICE_FAMILY = "1,2";
				TEST_HOST = "$(BUILT_PRODUCTS_DIR)/Chat.app/Chat";
			};
			name = Release;
		};
		87C305F4275E51A2008E8434 /* Debug */ = {
			isa = XCBuildConfiguration;
			buildSettings = {
				CODE_SIGN_STYLE = Automatic;
				CURRENT_PROJECT_VERSION = 1;
				DEVELOPMENT_TEAM = AX6R3S6HFV;
				GENERATE_INFOPLIST_FILE = YES;
				IPHONEOS_DEPLOYMENT_TARGET = 12.0;
				LD_RUNPATH_SEARCH_PATHS = (
					"$(inherited)",
					"@executable_path/Frameworks",
					"@loader_path/Frameworks",
				);
				MARKETING_VERSION = 1.0;
				PRODUCT_BUNDLE_IDENTIFIER = com.sergeygryaznov.ChatUITests;
				PRODUCT_NAME = "$(TARGET_NAME)";
				SWIFT_EMIT_LOC_STRINGS = NO;
				SWIFT_VERSION = 5.0;
				TARGETED_DEVICE_FAMILY = "1,2";
				TEST_TARGET_NAME = Chat;
			};
			name = Debug;
		};
		87C305F5275E51A2008E8434 /* Release */ = {
			isa = XCBuildConfiguration;
			buildSettings = {
				CODE_SIGN_STYLE = Automatic;
				CURRENT_PROJECT_VERSION = 1;
				DEVELOPMENT_TEAM = AX6R3S6HFV;
				GENERATE_INFOPLIST_FILE = YES;
				IPHONEOS_DEPLOYMENT_TARGET = 12.0;
				LD_RUNPATH_SEARCH_PATHS = (
					"$(inherited)",
					"@executable_path/Frameworks",
					"@loader_path/Frameworks",
				);
				MARKETING_VERSION = 1.0;
				PRODUCT_BUNDLE_IDENTIFIER = com.sergeygryaznov.ChatUITests;
				PRODUCT_NAME = "$(TARGET_NAME)";
				SWIFT_EMIT_LOC_STRINGS = NO;
				SWIFT_VERSION = 5.0;
				TARGETED_DEVICE_FAMILY = "1,2";
				TEST_TARGET_NAME = Chat;
			};
			name = Release;
		};
/* End XCBuildConfiguration section */

/* Begin XCConfigurationList section */
		876BABF126FF38E800D5BF31 /* Build configuration list for PBXProject "Chat" */ = {
			isa = XCConfigurationList;
			buildConfigurations = (
				876BAC0826FF38EB00D5BF31 /* Debug */,
				876BAC0926FF38EB00D5BF31 /* Release */,
			);
			defaultConfigurationIsVisible = 0;
			defaultConfigurationName = Release;
		};
		876BAC0A26FF38EB00D5BF31 /* Build configuration list for PBXNativeTarget "Chat" */ = {
			isa = XCConfigurationList;
			buildConfigurations = (
				876BAC0B26FF38EB00D5BF31 /* Debug */,
				876BAC0C26FF38EB00D5BF31 /* Release */,
			);
			defaultConfigurationIsVisible = 0;
			defaultConfigurationName = Release;
		};
		87C305E4275E5096008E8434 /* Build configuration list for PBXNativeTarget "ChatTests" */ = {
			isa = XCConfigurationList;
			buildConfigurations = (
				87C305E2275E5096008E8434 /* Debug */,
				87C305E3275E5096008E8434 /* Release */,
			);
			defaultConfigurationIsVisible = 0;
			defaultConfigurationName = Release;
		};
		87C305F3275E51A2008E8434 /* Build configuration list for PBXNativeTarget "ChatUITests" */ = {
			isa = XCConfigurationList;
			buildConfigurations = (
				87C305F4275E51A2008E8434 /* Debug */,
				87C305F5275E51A2008E8434 /* Release */,
			);
			defaultConfigurationIsVisible = 0;
			defaultConfigurationName = Release;
		};
/* End XCConfigurationList section */

/* Begin XCVersionGroup section */
		87E6AAA3272D4D6A00A2DAFD /* Chat.xcdatamodeld */ = {
			isa = XCVersionGroup;
			children = (
				87E6AAA4272D4D6A00A2DAFD /* Chat.xcdatamodel */,
			);
			currentVersion = 87E6AAA4272D4D6A00A2DAFD /* Chat.xcdatamodel */;
			path = Chat.xcdatamodeld;
			sourceTree = "<group>";
			versionGroupType = wrapper.xcdatamodel;
		};
/* End XCVersionGroup section */
	};
	rootObject = 876BABEE26FF38E800D5BF31 /* Project object */;
}
