// !$*UTF8*$!
{
	archiveVersion = 1;
	classes = {
	};
	objectVersion = 55;
	objects = {

/* Begin PBXBuildFile section */
		876BABFA26FF38E800D5BF31 /* AppDelegate.swift in Sources */ = {isa = PBXBuildFile; fileRef = 876BABF926FF38E800D5BF31 /* AppDelegate.swift */; };
		876BABFE26FF38E800D5BF31 /* ViewController.swift in Sources */ = {isa = PBXBuildFile; fileRef = 876BABFD26FF38E800D5BF31 /* ViewController.swift */; };
		876BAC0126FF38E800D5BF31 /* Main.storyboard in Resources */ = {isa = PBXBuildFile; fileRef = 876BABFF26FF38E800D5BF31 /* Main.storyboard */; };
		876BAC0626FF38EB00D5BF31 /* LaunchScreen.storyboard in Resources */ = {isa = PBXBuildFile; fileRef = 876BAC0426FF38EB00D5BF31 /* LaunchScreen.storyboard */; };
		876BAC1126FF39C300D5BF31 /* ProfileButton.swift in Sources */ = {isa = PBXBuildFile; fileRef = 876BAC0E26FF39C300D5BF31 /* ProfileButton.swift */; };
		876BAC1226FF39C300D5BF31 /* ProfileViewController.swift in Sources */ = {isa = PBXBuildFile; fileRef = 876BAC0F26FF39C300D5BF31 /* ProfileViewController.swift */; };
		876BAC1326FF39C300D5BF31 /* ProfileLabel.swift in Sources */ = {isa = PBXBuildFile; fileRef = 876BAC1026FF39C300D5BF31 /* ProfileLabel.swift */; };
		876BAC1626FF39D600D5BF31 /* UserImageView.swift in Sources */ = {isa = PBXBuildFile; fileRef = 876BAC1426FF39D500D5BF31 /* UserImageView.swift */; };
		876BAC1726FF39D600D5BF31 /* MainViewController.swift in Sources */ = {isa = PBXBuildFile; fileRef = 876BAC1526FF39D600D5BF31 /* MainViewController.swift */; };
		876BAC1A26FF39E000D5BF31 /* User.swift in Sources */ = {isa = PBXBuildFile; fileRef = 876BAC1926FF39E000D5BF31 /* User.swift */; };
		876BAC1D26FF3A1B00D5BF31 /* Localizable.strings in Resources */ = {isa = PBXBuildFile; fileRef = 876BAC1F26FF3A1B00D5BF31 /* Localizable.strings */; };
		876BAC2326FF3D7C00D5BF31 /* InfoPlist.strings in Resources */ = {isa = PBXBuildFile; fileRef = 876BAC2526FF3D7C00D5BF31 /* InfoPlist.strings */; };
		876BAC3026FF460F00D5BF31 /* Assets.xcassets in Resources */ = {isa = PBXBuildFile; fileRef = 876BAC2F26FF460F00D5BF31 /* Assets.xcassets */; };
/* End PBXBuildFile section */

/* Begin PBXFileReference section */
		876BABF626FF38E800D5BF31 /* Chat.app */ = {isa = PBXFileReference; explicitFileType = wrapper.application; includeInIndex = 0; path = Chat.app; sourceTree = BUILT_PRODUCTS_DIR; };
		876BABF926FF38E800D5BF31 /* AppDelegate.swift */ = {isa = PBXFileReference; lastKnownFileType = sourcecode.swift; path = AppDelegate.swift; sourceTree = "<group>"; };
		876BABFD26FF38E800D5BF31 /* ViewController.swift */ = {isa = PBXFileReference; lastKnownFileType = sourcecode.swift; path = ViewController.swift; sourceTree = "<group>"; };
		876BAC0026FF38E800D5BF31 /* Base */ = {isa = PBXFileReference; lastKnownFileType = file.storyboard; name = Base; path = Base.lproj/Main.storyboard; sourceTree = "<group>"; };
		876BAC0526FF38EB00D5BF31 /* Base */ = {isa = PBXFileReference; lastKnownFileType = file.storyboard; name = Base; path = Base.lproj/LaunchScreen.storyboard; sourceTree = "<group>"; };
		876BAC0726FF38EB00D5BF31 /* Info.plist */ = {isa = PBXFileReference; lastKnownFileType = text.plist.xml; path = Info.plist; sourceTree = "<group>"; };
		876BAC0E26FF39C300D5BF31 /* ProfileButton.swift */ = {isa = PBXFileReference; fileEncoding = 4; lastKnownFileType = sourcecode.swift; path = ProfileButton.swift; sourceTree = "<group>"; };
		876BAC0F26FF39C300D5BF31 /* ProfileViewController.swift */ = {isa = PBXFileReference; fileEncoding = 4; lastKnownFileType = sourcecode.swift; path = ProfileViewController.swift; sourceTree = "<group>"; };
		876BAC1026FF39C300D5BF31 /* ProfileLabel.swift */ = {isa = PBXFileReference; fileEncoding = 4; lastKnownFileType = sourcecode.swift; path = ProfileLabel.swift; sourceTree = "<group>"; };
		876BAC1426FF39D500D5BF31 /* UserImageView.swift */ = {isa = PBXFileReference; fileEncoding = 4; lastKnownFileType = sourcecode.swift; path = UserImageView.swift; sourceTree = "<group>"; };
		876BAC1526FF39D600D5BF31 /* MainViewController.swift */ = {isa = PBXFileReference; fileEncoding = 4; lastKnownFileType = sourcecode.swift; path = MainViewController.swift; sourceTree = "<group>"; };
		876BAC1926FF39E000D5BF31 /* User.swift */ = {isa = PBXFileReference; fileEncoding = 4; lastKnownFileType = sourcecode.swift; path = User.swift; sourceTree = "<group>"; };
		876BAC1E26FF3A1B00D5BF31 /* en */ = {isa = PBXFileReference; lastKnownFileType = text.plist.strings; name = en; path = en.lproj/Localizable.strings; sourceTree = "<group>"; };
		876BAC2026FF3A2D00D5BF31 /* ru */ = {isa = PBXFileReference; lastKnownFileType = text.plist.strings; name = ru; path = ru.lproj/Localizable.strings; sourceTree = "<group>"; };
		876BAC2426FF3D7C00D5BF31 /* ru */ = {isa = PBXFileReference; lastKnownFileType = text.plist.strings; name = ru; path = ru.lproj/InfoPlist.strings; sourceTree = "<group>"; };
		876BAC2626FF3D7E00D5BF31 /* en */ = {isa = PBXFileReference; lastKnownFileType = text.plist.strings; name = en; path = en.lproj/InfoPlist.strings; sourceTree = "<group>"; };
		876BAC2F26FF460F00D5BF31 /* Assets.xcassets */ = {isa = PBXFileReference; lastKnownFileType = folder.assetcatalog; path = Assets.xcassets; sourceTree = "<group>"; };
/* End PBXFileReference section */

/* Begin PBXFrameworksBuildPhase section */
		876BABF326FF38E800D5BF31 /* Frameworks */ = {
			isa = PBXFrameworksBuildPhase;
			buildActionMask = 2147483647;
			files = (
			);
			runOnlyForDeploymentPostprocessing = 0;
		};
/* End PBXFrameworksBuildPhase section */

/* Begin PBXGroup section */
		876BABED26FF38E800D5BF31 = {
			isa = PBXGroup;
			children = (
				876BABF826FF38E800D5BF31 /* Chat */,
				876BABF726FF38E800D5BF31 /* Products */,
			);
			sourceTree = "<group>";
		};
		876BABF726FF38E800D5BF31 /* Products */ = {
			isa = PBXGroup;
			children = (
				876BABF626FF38E800D5BF31 /* Chat.app */,
			);
			name = Products;
			sourceTree = "<group>";
		};
		876BABF826FF38E800D5BF31 /* Chat */ = {
			isa = PBXGroup;
			children = (
				876BAC0D26FF39C300D5BF31 /* Profile */,
				876BAC1826FF39E000D5BF31 /* Models */,
				876BAC1526FF39D600D5BF31 /* MainViewController.swift */,
				876BAC1426FF39D500D5BF31 /* UserImageView.swift */,
				876BABF926FF38E800D5BF31 /* AppDelegate.swift */,
				876BAC2F26FF460F00D5BF31 /* Assets.xcassets */,
				876BABFD26FF38E800D5BF31 /* ViewController.swift */,
				876BABFF26FF38E800D5BF31 /* Main.storyboard */,
				876BAC0426FF38EB00D5BF31 /* LaunchScreen.storyboard */,
				876BAC0726FF38EB00D5BF31 /* Info.plist */,
				876BAC2526FF3D7C00D5BF31 /* InfoPlist.strings */,
				876BAC1F26FF3A1B00D5BF31 /* Localizable.strings */,
			);
			path = Chat;
			sourceTree = "<group>";
		};
		876BAC0D26FF39C300D5BF31 /* Profile */ = {
			isa = PBXGroup;
			children = (
				876BAC0E26FF39C300D5BF31 /* ProfileButton.swift */,
				876BAC0F26FF39C300D5BF31 /* ProfileViewController.swift */,
				876BAC1026FF39C300D5BF31 /* ProfileLabel.swift */,
			);
			path = Profile;
			sourceTree = "<group>";
		};
		876BAC1826FF39E000D5BF31 /* Models */ = {
			isa = PBXGroup;
			children = (
				876BAC1926FF39E000D5BF31 /* User.swift */,
			);
			path = Models;
			sourceTree = "<group>";
		};
/* End PBXGroup section */

/* Begin PBXNativeTarget section */
		876BABF526FF38E800D5BF31 /* Chat */ = {
			isa = PBXNativeTarget;
			buildConfigurationList = 876BAC0A26FF38EB00D5BF31 /* Build configuration list for PBXNativeTarget "Chat" */;
			buildPhases = (
				876BABF226FF38E800D5BF31 /* Sources */,
				876BABF326FF38E800D5BF31 /* Frameworks */,
				876BABF426FF38E800D5BF31 /* Resources */,
			);
			buildRules = (
			);
			dependencies = (
			);
			name = Chat;
			productName = Chat;
			productReference = 876BABF626FF38E800D5BF31 /* Chat.app */;
			productType = "com.apple.product-type.application";
		};
/* End PBXNativeTarget section */

/* Begin PBXProject section */
		876BABEE26FF38E800D5BF31 /* Project object */ = {
			isa = PBXProject;
			attributes = {
				BuildIndependentTargetsInParallel = 1;
				LastSwiftUpdateCheck = 1300;
				LastUpgradeCheck = 1300;
				TargetAttributes = {
					876BABF526FF38E800D5BF31 = {
						CreatedOnToolsVersion = 13.0;
					};
				};
			};
			buildConfigurationList = 876BABF126FF38E800D5BF31 /* Build configuration list for PBXProject "Chat" */;
			compatibilityVersion = "Xcode 13.0";
			developmentRegion = en;
			hasScannedForEncodings = 0;
			knownRegions = (
				en,
				Base,
				ru,
			);
			mainGroup = 876BABED26FF38E800D5BF31;
			productRefGroup = 876BABF726FF38E800D5BF31 /* Products */;
			projectDirPath = "";
			projectRoot = "";
			targets = (
				876BABF526FF38E800D5BF31 /* Chat */,
			);
		};
/* End PBXProject section */

/* Begin PBXResourcesBuildPhase section */
		876BABF426FF38E800D5BF31 /* Resources */ = {
			isa = PBXResourcesBuildPhase;
			buildActionMask = 2147483647;
			files = (
				876BAC0626FF38EB00D5BF31 /* LaunchScreen.storyboard in Resources */,
				876BAC1D26FF3A1B00D5BF31 /* Localizable.strings in Resources */,
				876BAC0126FF38E800D5BF31 /* Main.storyboard in Resources */,
				876BAC2326FF3D7C00D5BF31 /* InfoPlist.strings in Resources */,
				876BAC3026FF460F00D5BF31 /* Assets.xcassets in Resources */,
			);
			runOnlyForDeploymentPostprocessing = 0;
		};
/* End PBXResourcesBuildPhase section */

/* Begin PBXSourcesBuildPhase section */
		876BABF226FF38E800D5BF31 /* Sources */ = {
			isa = PBXSourcesBuildPhase;
			buildActionMask = 2147483647;
			files = (
				876BAC1726FF39D600D5BF31 /* MainViewController.swift in Sources */,
				876BAC1126FF39C300D5BF31 /* ProfileButton.swift in Sources */,
				876BABFE26FF38E800D5BF31 /* ViewController.swift in Sources */,
				876BAC1326FF39C300D5BF31 /* ProfileLabel.swift in Sources */,
				876BAC1A26FF39E000D5BF31 /* User.swift in Sources */,
				876BAC1626FF39D600D5BF31 /* UserImageView.swift in Sources */,
				876BAC1226FF39C300D5BF31 /* ProfileViewController.swift in Sources */,
				876BABFA26FF38E800D5BF31 /* AppDelegate.swift in Sources */,
			);
			runOnlyForDeploymentPostprocessing = 0;
		};
/* End PBXSourcesBuildPhase section */

/* Begin PBXVariantGroup section */
		876BABFF26FF38E800D5BF31 /* Main.storyboard */ = {
			isa = PBXVariantGroup;
			children = (
				876BAC0026FF38E800D5BF31 /* Base */,
			);
			name = Main.storyboard;
			sourceTree = "<group>";
		};
		876BAC0426FF38EB00D5BF31 /* LaunchScreen.storyboard */ = {
			isa = PBXVariantGroup;
			children = (
				876BAC0526FF38EB00D5BF31 /* Base */,
			);
			name = LaunchScreen.storyboard;
			sourceTree = "<group>";
		};
		876BAC1F26FF3A1B00D5BF31 /* Localizable.strings */ = {
			isa = PBXVariantGroup;
			children = (
				876BAC1E26FF3A1B00D5BF31 /* en */,
				876BAC2026FF3A2D00D5BF31 /* ru */,
			);
			name = Localizable.strings;
			sourceTree = "<group>";
		};
		876BAC2526FF3D7C00D5BF31 /* InfoPlist.strings */ = {
			isa = PBXVariantGroup;
			children = (
				876BAC2426FF3D7C00D5BF31 /* ru */,
				876BAC2626FF3D7E00D5BF31 /* en */,
			);
			name = InfoPlist.strings;
			sourceTree = "<group>";
		};
/* End PBXVariantGroup section */

/* Begin XCBuildConfiguration section */
		876BAC0826FF38EB00D5BF31 /* Debug */ = {
			isa = XCBuildConfiguration;
			buildSettings = {
				ALWAYS_SEARCH_USER_PATHS = NO;
				CLANG_ANALYZER_LOCALIZABILITY_NONLOCALIZED = YES;
				CLANG_ANALYZER_NONNULL = YES;
				CLANG_ANALYZER_NUMBER_OBJECT_CONVERSION = YES_AGGRESSIVE;
				CLANG_CXX_LANGUAGE_STANDARD = "gnu++17";
				CLANG_CXX_LIBRARY = "libc++";
				CLANG_ENABLE_MODULES = YES;
				CLANG_ENABLE_OBJC_ARC = YES;
				CLANG_ENABLE_OBJC_WEAK = YES;
				CLANG_WARN_BLOCK_CAPTURE_AUTORELEASING = YES;
				CLANG_WARN_BOOL_CONVERSION = YES;
				CLANG_WARN_COMMA = YES;
				CLANG_WARN_CONSTANT_CONVERSION = YES;
				CLANG_WARN_DEPRECATED_OBJC_IMPLEMENTATIONS = YES;
				CLANG_WARN_DIRECT_OBJC_ISA_USAGE = YES_ERROR;
				CLANG_WARN_DOCUMENTATION_COMMENTS = YES;
				CLANG_WARN_EMPTY_BODY = YES;
				CLANG_WARN_ENUM_CONVERSION = YES;
				CLANG_WARN_INFINITE_RECURSION = YES;
				CLANG_WARN_INT_CONVERSION = YES;
				CLANG_WARN_NON_LITERAL_NULL_CONVERSION = YES;
				CLANG_WARN_OBJC_IMPLICIT_RETAIN_SELF = YES;
				CLANG_WARN_OBJC_LITERAL_CONVERSION = YES;
				CLANG_WARN_OBJC_ROOT_CLASS = YES_ERROR;
				CLANG_WARN_QUOTED_INCLUDE_IN_FRAMEWORK_HEADER = YES;
				CLANG_WARN_RANGE_LOOP_ANALYSIS = YES;
				CLANG_WARN_STRICT_PROTOTYPES = YES;
				CLANG_WARN_SUSPICIOUS_MOVE = YES;
				CLANG_WARN_UNGUARDED_AVAILABILITY = YES_AGGRESSIVE;
				CLANG_WARN_UNREACHABLE_CODE = YES;
				CLANG_WARN__DUPLICATE_METHOD_MATCH = YES;
				COPY_PHASE_STRIP = NO;
				DEBUG_INFORMATION_FORMAT = dwarf;
				ENABLE_STRICT_OBJC_MSGSEND = YES;
				ENABLE_TESTABILITY = YES;
				GCC_C_LANGUAGE_STANDARD = gnu11;
				GCC_DYNAMIC_NO_PIC = NO;
				GCC_NO_COMMON_BLOCKS = YES;
				GCC_OPTIMIZATION_LEVEL = 0;
				GCC_PREPROCESSOR_DEFINITIONS = (
					"DEBUG=1",
					"$(inherited)",
				);
				GCC_WARN_64_TO_32_BIT_CONVERSION = YES;
				GCC_WARN_ABOUT_RETURN_TYPE = YES_ERROR;
				GCC_WARN_UNDECLARED_SELECTOR = YES;
				GCC_WARN_UNINITIALIZED_AUTOS = YES_AGGRESSIVE;
				GCC_WARN_UNUSED_FUNCTION = YES;
				GCC_WARN_UNUSED_VARIABLE = YES;
				IPHONEOS_DEPLOYMENT_TARGET = 12.0;
				MTL_ENABLE_DEBUG_INFO = INCLUDE_SOURCE;
				MTL_FAST_MATH = YES;
				ONLY_ACTIVE_ARCH = YES;
				SDKROOT = iphoneos;
				SWIFT_ACTIVE_COMPILATION_CONDITIONS = DEBUG;
				SWIFT_OPTIMIZATION_LEVEL = "-Onone";
			};
			name = Debug;
		};
		876BAC0926FF38EB00D5BF31 /* Release */ = {
			isa = XCBuildConfiguration;
			buildSettings = {
				ALWAYS_SEARCH_USER_PATHS = NO;
				CLANG_ANALYZER_LOCALIZABILITY_NONLOCALIZED = YES;
				CLANG_ANALYZER_NONNULL = YES;
				CLANG_ANALYZER_NUMBER_OBJECT_CONVERSION = YES_AGGRESSIVE;
				CLANG_CXX_LANGUAGE_STANDARD = "gnu++17";
				CLANG_CXX_LIBRARY = "libc++";
				CLANG_ENABLE_MODULES = YES;
				CLANG_ENABLE_OBJC_ARC = YES;
				CLANG_ENABLE_OBJC_WEAK = YES;
				CLANG_WARN_BLOCK_CAPTURE_AUTORELEASING = YES;
				CLANG_WARN_BOOL_CONVERSION = YES;
				CLANG_WARN_COMMA = YES;
				CLANG_WARN_CONSTANT_CONVERSION = YES;
				CLANG_WARN_DEPRECATED_OBJC_IMPLEMENTATIONS = YES;
				CLANG_WARN_DIRECT_OBJC_ISA_USAGE = YES_ERROR;
				CLANG_WARN_DOCUMENTATION_COMMENTS = YES;
				CLANG_WARN_EMPTY_BODY = YES;
				CLANG_WARN_ENUM_CONVERSION = YES;
				CLANG_WARN_INFINITE_RECURSION = YES;
				CLANG_WARN_INT_CONVERSION = YES;
				CLANG_WARN_NON_LITERAL_NULL_CONVERSION = YES;
				CLANG_WARN_OBJC_IMPLICIT_RETAIN_SELF = YES;
				CLANG_WARN_OBJC_LITERAL_CONVERSION = YES;
				CLANG_WARN_OBJC_ROOT_CLASS = YES_ERROR;
				CLANG_WARN_QUOTED_INCLUDE_IN_FRAMEWORK_HEADER = YES;
				CLANG_WARN_RANGE_LOOP_ANALYSIS = YES;
				CLANG_WARN_STRICT_PROTOTYPES = YES;
				CLANG_WARN_SUSPICIOUS_MOVE = YES;
				CLANG_WARN_UNGUARDED_AVAILABILITY = YES_AGGRESSIVE;
				CLANG_WARN_UNREACHABLE_CODE = YES;
				CLANG_WARN__DUPLICATE_METHOD_MATCH = YES;
				COPY_PHASE_STRIP = NO;
				DEBUG_INFORMATION_FORMAT = "dwarf-with-dsym";
				ENABLE_NS_ASSERTIONS = NO;
				ENABLE_STRICT_OBJC_MSGSEND = YES;
				GCC_C_LANGUAGE_STANDARD = gnu11;
				GCC_NO_COMMON_BLOCKS = YES;
				GCC_WARN_64_TO_32_BIT_CONVERSION = YES;
				GCC_WARN_ABOUT_RETURN_TYPE = YES_ERROR;
				GCC_WARN_UNDECLARED_SELECTOR = YES;
				GCC_WARN_UNINITIALIZED_AUTOS = YES_AGGRESSIVE;
				GCC_WARN_UNUSED_FUNCTION = YES;
				GCC_WARN_UNUSED_VARIABLE = YES;
				IPHONEOS_DEPLOYMENT_TARGET = 12.0;
				MTL_ENABLE_DEBUG_INFO = NO;
				MTL_FAST_MATH = YES;
				SDKROOT = iphoneos;
				SWIFT_COMPILATION_MODE = wholemodule;
				SWIFT_OPTIMIZATION_LEVEL = "-O";
				VALIDATE_PRODUCT = YES;
			};
			name = Release;
		};
		876BAC0B26FF38EB00D5BF31 /* Debug */ = {
			isa = XCBuildConfiguration;
			buildSettings = {
				ASSETCATALOG_COMPILER_APPICON_NAME = AppIcon;
				ASSETCATALOG_COMPILER_GLOBAL_ACCENT_COLOR_NAME = AccentColor;
				ASSETCATALOG_COMPILER_INCLUDE_ALL_APPICON_ASSETS = NO;
				CODE_SIGN_STYLE = Automatic;
				CURRENT_PROJECT_VERSION = 1;
				DEVELOPMENT_TEAM = AX6R3S6HFV;
				GENERATE_INFOPLIST_FILE = YES;
				INFOPLIST_FILE = Chat/Info.plist;
				INFOPLIST_KEY_NSCameraUsageDescription = "Please allow access to the camera";
				INFOPLIST_KEY_UIApplicationSupportsIndirectInputEvents = YES;
				INFOPLIST_KEY_UILaunchStoryboardName = LaunchScreen;
				INFOPLIST_KEY_UIMainStoryboardFile = Main;
				INFOPLIST_KEY_UIRequiredDeviceCapabilities = armv7;
				INFOPLIST_KEY_UISupportedInterfaceOrientations = UIInterfaceOrientationPortrait;
				INFOPLIST_KEY_UISupportedInterfaceOrientations_iPad = "UIInterfaceOrientationPortrait UIInterfaceOrientationPortraitUpsideDown UIInterfaceOrientationLandscapeLeft UIInterfaceOrientationLandscapeRight";
				INFOPLIST_KEY_UISupportedInterfaceOrientations_iPhone = "UIInterfaceOrientationPortrait UIInterfaceOrientationLandscapeLeft UIInterfaceOrientationLandscapeRight";
				IPHONEOS_DEPLOYMENT_TARGET = 12.0;
				LD_RUNPATH_SEARCH_PATHS = (
					"$(inherited)",
					"@executable_path/Frameworks",
				);
				MARKETING_VERSION = 1.0;
				PRODUCT_BUNDLE_IDENTIFIER = com.sergeygryaznov.Chat;
				PRODUCT_NAME = "$(TARGET_NAME)";
				SWIFT_EMIT_LOC_STRINGS = YES;
				SWIFT_VERSION = 5.0;
				TARGETED_DEVICE_FAMILY = 1;
			};
			name = Debug;
		};
		876BAC0C26FF38EB00D5BF31 /* Release */ = {
			isa = XCBuildConfiguration;
			buildSettings = {
				ASSETCATALOG_COMPILER_APPICON_NAME = AppIcon;
				ASSETCATALOG_COMPILER_GLOBAL_ACCENT_COLOR_NAME = AccentColor;
				ASSETCATALOG_COMPILER_INCLUDE_ALL_APPICON_ASSETS = NO;
				CODE_SIGN_STYLE = Automatic;
				CURRENT_PROJECT_VERSION = 1;
				DEVELOPMENT_TEAM = AX6R3S6HFV;
				GENERATE_INFOPLIST_FILE = YES;
				INFOPLIST_FILE = Chat/Info.plist;
				INFOPLIST_KEY_NSCameraUsageDescription = "Please allow access to the camera";
				INFOPLIST_KEY_UIApplicationSupportsIndirectInputEvents = YES;
				INFOPLIST_KEY_UILaunchStoryboardName = LaunchScreen;
				INFOPLIST_KEY_UIMainStoryboardFile = Main;
				INFOPLIST_KEY_UIRequiredDeviceCapabilities = armv7;
				INFOPLIST_KEY_UISupportedInterfaceOrientations = UIInterfaceOrientationPortrait;
				INFOPLIST_KEY_UISupportedInterfaceOrientations_iPad = "UIInterfaceOrientationPortrait UIInterfaceOrientationPortraitUpsideDown UIInterfaceOrientationLandscapeLeft UIInterfaceOrientationLandscapeRight";
				INFOPLIST_KEY_UISupportedInterfaceOrientations_iPhone = "UIInterfaceOrientationPortrait UIInterfaceOrientationLandscapeLeft UIInterfaceOrientationLandscapeRight";
				IPHONEOS_DEPLOYMENT_TARGET = 12.0;
				LD_RUNPATH_SEARCH_PATHS = (
					"$(inherited)",
					"@executable_path/Frameworks",
				);
				MARKETING_VERSION = 1.0;
				PRODUCT_BUNDLE_IDENTIFIER = com.sergeygryaznov.Chat;
				PRODUCT_NAME = "$(TARGET_NAME)";
				SWIFT_EMIT_LOC_STRINGS = YES;
				SWIFT_VERSION = 5.0;
				TARGETED_DEVICE_FAMILY = 1;
			};
			name = Release;
		};
/* End XCBuildConfiguration section */

/* Begin XCConfigurationList section */
		876BABF126FF38E800D5BF31 /* Build configuration list for PBXProject "Chat" */ = {
			isa = XCConfigurationList;
			buildConfigurations = (
				876BAC0826FF38EB00D5BF31 /* Debug */,
				876BAC0926FF38EB00D5BF31 /* Release */,
			);
			defaultConfigurationIsVisible = 0;
			defaultConfigurationName = Release;
		};
		876BAC0A26FF38EB00D5BF31 /* Build configuration list for PBXNativeTarget "Chat" */ = {
			isa = XCConfigurationList;
			buildConfigurations = (
				876BAC0B26FF38EB00D5BF31 /* Debug */,
				876BAC0C26FF38EB00D5BF31 /* Release */,
			);
			defaultConfigurationIsVisible = 0;
			defaultConfigurationName = Release;
		};
/* End XCConfigurationList section */
	};
	rootObject = 876BABEE26FF38E800D5BF31 /* Project object */;
}
